PODS:
  - Device (3.1.2)
  - Reveal-SDK (20)
  - SnapKit (4.2.0)

DEPENDENCIES:
  - Device
  - Reveal-SDK (= 20)
  - SnapKit

SPEC REPOS:
  https://github.com/cocoapods/specs.git:
    - Device
    - Reveal-SDK
    - SnapKit

SPEC CHECKSUMS:
  Device: 62242076214c30fb5760174b3601cefafa70a481
  Reveal-SDK: 43206a57f575632fd304e85385cc259b5d359e32
  SnapKit: fe8a619752f3f27075cc9a90244d75c6c3f27e2a

PODFILE CHECKSUM: a7213dab67837b8adeb6414b6c0a30ee807a24de

COCOAPODS: 1.5.3
