PODS:
  - Device (1.0.1)
  - SnapKit (0.40.0.beta2)

DEPENDENCIES:
  - Device
  - SnapKit (from `https://github.com/SnapKit/SnapKit`, branch `feature/0.40.0`)

EXTERNAL SOURCES:
  SnapKit:
    :branch: feature/0.40.0
    :git: https://github.com/SnapKit/SnapKit

CHECKOUT OPTIONS:
  SnapKit:
    :commit: 4f47f13902c0a8bf8e2aaefbbfefe534172a0e3d
    :git: https://github.com/SnapKit/SnapKit

SPEC CHECKSUMS:
  Device: 7ed5b87db148886e8c3cbcdde5dc997baddbe10b
  SnapKit: 405236dfbf278b9d545db29f3950ae7e7f14f348

PODFILE CHECKSUM: 2e2cd362be28b92d71dd7fafda7dcde618521ef5

COCOAPODS: 1.0.1

