PODS:
  - Device (2.0.1)
  - SnapKit (3.0.2)

DEPENDENCIES:
  - Device (~> 2.0.1)
  - SnapKit (~> 3.0.2)

SPEC CHECKSUMS:
  Device: 7dd12a4fc8a72a90211f2c9ac8975a728322a148
  SnapKit: 2e456761aa92d4d4067a7a5594c18769d451a8ad

PODFILE CHECKSUM: acf5c954713b75aac39e4ecfe8a6b5921abaf40e

COCOAPODS: 1.2.0.rc.1
