// !$*UTF8*$!
{
	archiveVersion = 1;
	classes = {
	};
	objectVersion = 46;
	objects = {

/* Begin PBXBuildFile section */
		B1128A0F1CBA177A000258E2 /* AppDelegate+3DTouch.swift in Sources */ = {isa = PBXBuildFile; fileRef = B1128A0E1CBA1779000258E2 /* AppDelegate+3DTouch.swift */; };
		B1128A111CBA873A000258E2 /* Utils.swift in Sources */ = {isa = PBXBuildFile; fileRef = B1128A101CBA873A000258E2 /* Utils.swift */; };
		B1159B701C59045800F16037 /* AppDelegate.swift in Sources */ = {isa = PBXBuildFile; fileRef = B1159B6F1C59045800F16037 /* AppDelegate.swift */; };
		B1159B721C59045800F16037 /* ViewController.swift in Sources */ = {isa = PBXBuildFile; fileRef = B1159B711C59045800F16037 /* ViewController.swift */; };
		B1159B751C59045800F16037 /* Main.storyboard in Resources */ = {isa = PBXBuildFile; fileRef = B1159B731C59045800F16037 /* Main.storyboard */; };
		B1159B771C59045800F16037 /* Assets.xcassets in Resources */ = {isa = PBXBuildFile; fileRef = B1159B761C59045800F16037 /* Assets.xcassets */; };
		B1159B7A1C59045800F16037 /* LaunchScreen.storyboard in Resources */ = {isa = PBXBuildFile; fileRef = B1159B781C59045800F16037 /* LaunchScreen.storyboard */; };
		B1159B851C59045800F16037 /* PhoneticTests.swift in Sources */ = {isa = PBXBuildFile; fileRef = B1159B841C59045800F16037 /* PhoneticTests.swift */; };
		B1159BBF1C59140400F16037 /* AppDelegate+Extension.swift in Sources */ = {isa = PBXBuildFile; fileRef = B1159BBE1C59140400F16037 /* AppDelegate+Extension.swift */; };
		B12090941C6BBA3C00997E0A /* BlurActionSheet.swift in Sources */ = {isa = PBXBuildFile; fileRef = B12090911C6BBA3C00997E0A /* BlurActionSheet.swift */; };
		B12090951C6BBA3C00997E0A /* BlurActionSheetCell.swift in Sources */ = {isa = PBXBuildFile; fileRef = B12090921C6BBA3C00997E0A /* BlurActionSheetCell.swift */; };
		B12090961C6BBA3C00997E0A /* BlurBackgroundView.swift in Sources */ = {isa = PBXBuildFile; fileRef = B12090931C6BBA3C00997E0A /* BlurBackgroundView.swift */; };
		B1215B201C6506D100519F36 /* PhoneticContacts+QuickSearch.swift in Sources */ = {isa = PBXBuildFile; fileRef = B1215B1F1C6506D100519F36 /* PhoneticContacts+QuickSearch.swift */; };
		B1215B221C65144C00519F36 /* Phonetic.swift in Sources */ = {isa = PBXBuildFile; fileRef = B1215B211C65144C00519F36 /* Phonetic.swift */; };
		B121B1AB1C7C5C1E00DC0C05 /* PolyphonicViewController.swift in Sources */ = {isa = PBXBuildFile; fileRef = B121B1AA1C7C5C1E00DC0C05 /* PolyphonicViewController.swift */; };
		B121B1B11C7C899B00DC0C05 /* PolyphonicTableViewCell.swift in Sources */ = {isa = PBXBuildFile; fileRef = B121B1B01C7C899B00DC0C05 /* PolyphonicTableViewCell.swift */; };
		B122926B1C59236F00F0F549 /* PhoneticContacts.swift in Sources */ = {isa = PBXBuildFile; fileRef = B122926A1C59236F00F0F549 /* PhoneticContacts.swift */; };
		B12478A01C5F4D30006D1B62 /* wave.mp4 in Resources */ = {isa = PBXBuildFile; fileRef = B124789F1C5F4D30006D1B62 /* wave.mp4 */; };
		B125B73D1D3C7A650029AC1E /* InfoPlist.strings in Resources */ = {isa = PBXBuildFile; fileRef = B125B73F1D3C7A650029AC1E /* InfoPlist.strings */; };
		B140CCF01C60FAD30078657A /* ContactsGenerator.swift in Sources */ = {isa = PBXBuildFile; fileRef = B140CCEF1C60FAD30078657A /* ContactsGenerator.swift */; };
		B140CCF21C610E300078657A /* AlertController.swift in Sources */ = {isa = PBXBuildFile; fileRef = B140CCF11C610E300078657A /* AlertController.swift */; };
		B15CB2A51C5B3C6C002694ED /* WaveView.swift in Sources */ = {isa = PBXBuildFile; fileRef = B15CB2A41C5B3C6C002694ED /* WaveView.swift */; };
		B15CB2A91C5B3CA4002694ED /* index.html in Resources */ = {isa = PBXBuildFile; fileRef = B15CB2A71C5B3CA4002694ED /* index.html */; };
		B15CB2AA1C5B3CA4002694ED /* three.min.js in Resources */ = {isa = PBXBuildFile; fileRef = B15CB2A81C5B3CA4002694ED /* three.min.js */; };
		B164CAB71C60B72C00AD7009 /* PolyphonicCharacters.swift in Sources */ = {isa = PBXBuildFile; fileRef = B164CAB61C60B72C00AD7009 /* PolyphonicCharacters.swift */; };
		B16942701C6211FB000D5BFE /* AdditionalSettingsViewController.swift in Sources */ = {isa = PBXBuildFile; fileRef = B169426F1C6211FB000D5BFE /* AdditionalSettingsViewController.swift */; };
		B16942721C622A7E000D5BFE /* BlurImageView.swift in Sources */ = {isa = PBXBuildFile; fileRef = B16942711C622A7E000D5BFE /* BlurImageView.swift */; };
		B16CAB7A1C5E5DE900AF3D35 /* ViewController+Execution.swift in Sources */ = {isa = PBXBuildFile; fileRef = B16CAB791C5E5DE900AF3D35 /* ViewController+Execution.swift */; };
		B16EA4FA1D3374AF000C6BDB /* Components.h in Headers */ = {isa = PBXBuildFile; fileRef = B16EA4F81D3374AF000C6BDB /* Components.h */; settings = {ATTRIBUTES = (Public, ); }; };
		B16EA4FD1D3374AF000C6BDB /* Components.framework in Frameworks */ = {isa = PBXBuildFile; fileRef = B16EA4F61D3374AF000C6BDB /* Components.framework */; };
		B16EA4FE1D3374AF000C6BDB /* Components.framework in Embed Frameworks */ = {isa = PBXBuildFile; fileRef = B16EA4F61D3374AF000C6BDB /* Components.framework */; settings = {ATTRIBUTES = (CodeSignOnCopy, RemoveHeadersOnCopy, ); }; };
		B16EA5101D3374D1000C6BDB /* KDCircularProgress.swift in Sources */ = {isa = PBXBuildFile; fileRef = B16EA5041D3374D1000C6BDB /* KDCircularProgress.swift */; };
		B16EA5111D3374D1000C6BDB /* AkiraTextField.swift in Sources */ = {isa = PBXBuildFile; fileRef = B16EA5061D3374D1000C6BDB /* AkiraTextField.swift */; };
		B16EA5121D3374D1000C6BDB /* HoshiTextField.swift in Sources */ = {isa = PBXBuildFile; fileRef = B16EA5071D3374D1000C6BDB /* HoshiTextField.swift */; };
		B16EA5131D3374D1000C6BDB /* IsaoTextField.swift in Sources */ = {isa = PBXBuildFile; fileRef = B16EA5081D3374D1000C6BDB /* IsaoTextField.swift */; };
		B16EA5141D3374D1000C6BDB /* JiroTextField.swift in Sources */ = {isa = PBXBuildFile; fileRef = B16EA5091D3374D1000C6BDB /* JiroTextField.swift */; };
		B16EA5151D3374D1000C6BDB /* KaedeTextField.swift in Sources */ = {isa = PBXBuildFile; fileRef = B16EA50A1D3374D1000C6BDB /* KaedeTextField.swift */; };
		B16EA5161D3374D1000C6BDB /* MadokaTextField.swift in Sources */ = {isa = PBXBuildFile; fileRef = B16EA50B1D3374D1000C6BDB /* MadokaTextField.swift */; };
		B16EA5171D3374D1000C6BDB /* MinoruTextField.swift in Sources */ = {isa = PBXBuildFile; fileRef = B16EA50C1D3374D1000C6BDB /* MinoruTextField.swift */; };
		B16EA5181D3374D1000C6BDB /* TextFieldsEffects.swift in Sources */ = {isa = PBXBuildFile; fileRef = B16EA50D1D3374D1000C6BDB /* TextFieldsEffects.swift */; };
		B16EA5191D3374D1000C6BDB /* YokoTextField.swift in Sources */ = {isa = PBXBuildFile; fileRef = B16EA50E1D3374D1000C6BDB /* YokoTextField.swift */; };
		B16EA51A1D3374D1000C6BDB /* YoshikoTextField.swift in Sources */ = {isa = PBXBuildFile; fileRef = B16EA50F1D3374D1000C6BDB /* YoshikoTextField.swift */; };
		B16FEB2D1C779F6400FEB550 /* Localizable.strings in Resources */ = {isa = PBXBuildFile; fileRef = B16FEB2F1C779F6400FEB550 /* Localizable.strings */; };
		B174F6511CD636EE00458FE6 /* CustomSelectedBackgroundView.swift in Sources */ = {isa = PBXBuildFile; fileRef = B174F64A1CD636EE00458FE6 /* CustomSelectedBackgroundView.swift */; };
		B174F6521CD636EE00458FE6 /* PageViewController.swift in Sources */ = {isa = PBXBuildFile; fileRef = B174F64B1CD636EE00458FE6 /* PageViewController.swift */; };
		B174F6531CD636EE00458FE6 /* QuickSearchKeys.swift in Sources */ = {isa = PBXBuildFile; fileRef = B174F64C1CD636EE00458FE6 /* QuickSearchKeys.swift */; };
		B174F6541CD636EE00458FE6 /* Walkthrough+Ex.swift in Sources */ = {isa = PBXBuildFile; fileRef = B174F64D1CD636EE00458FE6 /* Walkthrough+Ex.swift */; };
		B174F6551CD636EE00458FE6 /* Walkthrough.storyboard in Resources */ = {isa = PBXBuildFile; fileRef = B174F64E1CD636EE00458FE6 /* Walkthrough.storyboard */; };
		B174F6561CD636EE00458FE6 /* Walkthrough.xcassets in Resources */ = {isa = PBXBuildFile; fileRef = B174F64F1CD636EE00458FE6 /* Walkthrough.xcassets */; };
		B174F6571CD636EE00458FE6 /* WalkthroughViewController.swift in Sources */ = {isa = PBXBuildFile; fileRef = B174F6501CD636EE00458FE6 /* WalkthroughViewController.swift */; };
		B174F65C1CD637D600458FE6 /* CWStatusBarNotification.swift in Sources */ = {isa = PBXBuildFile; fileRef = B174F6591CD637D600458FE6 /* CWStatusBarNotification.swift */; };
		B174F65D1CD637D600458FE6 /* CWStatusBarNotificationUtils.swift in Sources */ = {isa = PBXBuildFile; fileRef = B174F65A1CD637D600458FE6 /* CWStatusBarNotificationUtils.swift */; };
		B174F65E1CD637D600458FE6 /* Toast.swift in Sources */ = {isa = PBXBuildFile; fileRef = B174F65B1CD637D600458FE6 /* Toast.swift */; };
		B174F6601CD6389800458FE6 /* UIView+Extension.swift in Sources */ = {isa = PBXBuildFile; fileRef = B174F65F1CD6389800458FE6 /* UIView+Extension.swift */; };
		B174F6621CD6396200458FE6 /* UIStoryboard+Extension.swift in Sources */ = {isa = PBXBuildFile; fileRef = B174F6611CD6396200458FE6 /* UIStoryboard+Extension.swift */; };
		B174F6641CD639CD00458FE6 /* UserDefaults+Extension.swift in Sources */ = {isa = PBXBuildFile; fileRef = B174F6631CD639CD00458FE6 /* UserDefaults+Extension.swift */; };
		B178D8981CA28E74003254B9 /* UIEffectView+Ex.swift in Sources */ = {isa = PBXBuildFile; fileRef = B178D8971CA28E74003254B9 /* UIEffectView+Ex.swift */; };
		B1887A881C639AE900AD9BC2 /* DGElasticPullToRefreshConstants.swift in Sources */ = {isa = PBXBuildFile; fileRef = B1887A831C639AE900AD9BC2 /* DGElasticPullToRefreshConstants.swift */; };
		B1887A891C639AE900AD9BC2 /* DGElasticPullToRefreshExtensions.swift in Sources */ = {isa = PBXBuildFile; fileRef = B1887A841C639AE900AD9BC2 /* DGElasticPullToRefreshExtensions.swift */; };
		B1887A8A1C639AE900AD9BC2 /* DGElasticPullToRefreshLoadingView.swift in Sources */ = {isa = PBXBuildFile; fileRef = B1887A851C639AE900AD9BC2 /* DGElasticPullToRefreshLoadingView.swift */; };
		B1887A8B1C639AE900AD9BC2 /* DGElasticPullToRefreshLoadingViewCircle.swift in Sources */ = {isa = PBXBuildFile; fileRef = B1887A861C639AE900AD9BC2 /* DGElasticPullToRefreshLoadingViewCircle.swift */; };
		B1887A8C1C639AE900AD9BC2 /* DGElasticPullToRefreshView.swift in Sources */ = {isa = PBXBuildFile; fileRef = B1887A871C639AE900AD9BC2 /* DGElasticPullToRefreshView.swift */; };
		B18AC1FD1C6E716F0090AE16 /* PhoneticContacts+Clean.swift in Sources */ = {isa = PBXBuildFile; fileRef = B18AC1FC1C6E716F0090AE16 /* PhoneticContacts+Clean.swift */; };
		B18AC2011C70F8390090AE16 /* TableViewHeaderFooterViewWithButton.swift in Sources */ = {isa = PBXBuildFile; fileRef = B18AC2001C70F8390090AE16 /* TableViewHeaderFooterViewWithButton.swift */; };
		B18AC2031C7104F20090AE16 /* SettingsNavigationController.swift in Sources */ = {isa = PBXBuildFile; fileRef = B18AC2021C7104F20090AE16 /* SettingsNavigationController.swift */; };
		B18AC2091C71B35E0090AE16 /* HelpManualViewController.swift in Sources */ = {isa = PBXBuildFile; fileRef = B18AC2081C71B35E0090AE16 /* HelpManualViewController.swift */; };
		B18AC20B1C71C0C80090AE16 /* BaseTableViewController.swift in Sources */ = {isa = PBXBuildFile; fileRef = B18AC20A1C71C0C80090AE16 /* BaseTableViewController.swift */; };
		B18AC20F1C721F610090AE16 /* DetectPreferredLanguage.swift in Sources */ = {isa = PBXBuildFile; fileRef = B18AC20E1C721F610090AE16 /* DetectPreferredLanguage.swift */; };
		B19686491C5C916C006F4614 /* GradientView.swift in Sources */ = {isa = PBXBuildFile; fileRef = B19686481C5C916C006F4614 /* GradientView.swift */; };
		B196864F1C5CEDBE006F4614 /* OtherSettingView.swift in Sources */ = {isa = PBXBuildFile; fileRef = B196864E1C5CEDBE006F4614 /* OtherSettingView.swift */; };
		B196865B1C5D0535006F4614 /* AppIconImageView.swift in Sources */ = {isa = PBXBuildFile; fileRef = B196865A1C5D0535006F4614 /* AppIconImageView.swift */; };
		B1A2AF4F1C8078120080A261 /* PhoneticContacts+Polyphonic.swift in Sources */ = {isa = PBXBuildFile; fileRef = B1A2AF4E1C8078120080A261 /* PhoneticContacts+Polyphonic.swift */; };
		B1B1CB631C5E25E300AD7E73 /* ViewController+Rate.swift in Sources */ = {isa = PBXBuildFile; fileRef = B1B1CB621C5E25E300AD7E73 /* ViewController+Rate.swift */; };
		B1C5BBEE1CA27EA9009B0A71 /* UIDevice+Extension.swift in Sources */ = {isa = PBXBuildFile; fileRef = B1C5BBED1CA27EA9009B0A71 /* UIDevice+Extension.swift */; };
		B1C852081C8566DB005549FD /* ViewController+Initialize.swift in Sources */ = {isa = PBXBuildFile; fileRef = B1C852071C8566DB005549FD /* ViewController+Initialize.swift */; };
		B1C852191C856AD2005549FD /* AppConfiguration.swift in Sources */ = {isa = PBXBuildFile; fileRef = B1C8520C1C856AD2005549FD /* AppConfiguration.swift */; };
		B1C8521A1C856AD2005549FD /* DEBUGLog.swift in Sources */ = {isa = PBXBuildFile; fileRef = B1C8520D1C856AD2005549FD /* DEBUGLog.swift */; };
		B1C8521C1C856AD2005549FD /* TopMostViewController+Extension.swift in Sources */ = {isa = PBXBuildFile; fileRef = B1C8520F1C856AD2005549FD /* TopMostViewController+Extension.swift */; };
		B1C8521D1C856AD2005549FD /* UIApplication+Extension.swift in Sources */ = {isa = PBXBuildFile; fileRef = B1C852101C856AD2005549FD /* UIApplication+Extension.swift */; };
		B1C8521E1C856AD2005549FD /* UIButton+Extension.swift in Sources */ = {isa = PBXBuildFile; fileRef = B1C852111C856AD2005549FD /* UIButton+Extension.swift */; };
		B1C8521F1C856AD2005549FD /* UIColor+Extension.swift in Sources */ = {isa = PBXBuildFile; fileRef = B1C852121C856AD2005549FD /* UIColor+Extension.swift */; };
		B1C852201C856AD2005549FD /* UINavigationController+Extension.swift in Sources */ = {isa = PBXBuildFile; fileRef = B1C852131C856AD2005549FD /* UINavigationController+Extension.swift */; };
		B1C852211C856AD2005549FD /* UIScreen+Extension.swift in Sources */ = {isa = PBXBuildFile; fileRef = B1C852141C856AD2005549FD /* UIScreen+Extension.swift */; };
		B1C852221C856AD2005549FD /* UISwitch+Extension.swift in Sources */ = {isa = PBXBuildFile; fileRef = B1C852151C856AD2005549FD /* UISwitch+Extension.swift */; };
		B1C852241C856AD2005549FD /* UIViewController+Extension.swift in Sources */ = {isa = PBXBuildFile; fileRef = B1C852171C856AD2005549FD /* UIViewController+Extension.swift */; };
		B1C852291C856C71005549FD /* UIViewController+PullToDismiss.swift in Sources */ = {isa = PBXBuildFile; fileRef = B1C852281C856C71005549FD /* UIViewController+PullToDismiss.swift */; };
		B1FF84E21C5BC36C0036F8AA /* SettingViewController.swift in Sources */ = {isa = PBXBuildFile; fileRef = B1FF84E11C5BC36C0036F8AA /* SettingViewController.swift */; };
		B1FF84E41C5BC3800036F8AA /* InfoViewController.swift in Sources */ = {isa = PBXBuildFile; fileRef = B1FF84E31C5BC3800036F8AA /* InfoViewController.swift */; };
		B1FF84E61C5BC7B70036F8AA /* ViewController+Popover.swift in Sources */ = {isa = PBXBuildFile; fileRef = B1FF84E51C5BC7B70036F8AA /* ViewController+Popover.swift */; };
/* End PBXBuildFile section */

/* Begin PBXContainerItemProxy section */
		B1159B811C59045800F16037 /* PBXContainerItemProxy */ = {
			isa = PBXContainerItemProxy;
			containerPortal = B1159B641C59045800F16037 /* Project object */;
			proxyType = 1;
			remoteGlobalIDString = B1159B6B1C59045800F16037;
			remoteInfo = Phonetic;
		};
		B16EA4FB1D3374AF000C6BDB /* PBXContainerItemProxy */ = {
			isa = PBXContainerItemProxy;
			containerPortal = B1159B641C59045800F16037 /* Project object */;
			proxyType = 1;
			remoteGlobalIDString = B16EA4F51D3374AF000C6BDB;
			remoteInfo = Components;
		};
/* End PBXContainerItemProxy section */

/* Begin PBXCopyFilesBuildPhase section */
		B16EA5021D3374AF000C6BDB /* Embed Frameworks */ = {
			isa = PBXCopyFilesBuildPhase;
			buildActionMask = 2147483647;
			dstPath = "";
			dstSubfolderSpec = 10;
			files = (
				B16EA4FE1D3374AF000C6BDB /* Components.framework in Embed Frameworks */,
			);
			name = "Embed Frameworks";
			runOnlyForDeploymentPostprocessing = 0;
		};
/* End PBXCopyFilesBuildPhase section */

/* Begin PBXFileReference section */
		A54D96AA551C0EE06AE9B3D9 /* Pods-Phonetic.debug.xcconfig */ = {isa = PBXFileReference; includeInIndex = 1; lastKnownFileType = text.xcconfig; name = "Pods-Phonetic.debug.xcconfig"; path = "Pods/Target Support Files/Pods-Phonetic/Pods-Phonetic.debug.xcconfig"; sourceTree = "<group>"; };
		B1128A0E1CBA1779000258E2 /* AppDelegate+3DTouch.swift */ = {isa = PBXFileReference; fileEncoding = 4; lastKnownFileType = sourcecode.swift; path = "AppDelegate+3DTouch.swift"; sourceTree = "<group>"; };
		B1128A101CBA873A000258E2 /* Utils.swift */ = {isa = PBXFileReference; fileEncoding = 4; lastKnownFileType = sourcecode.swift; path = Utils.swift; sourceTree = "<group>"; };
		B1159B6C1C59045800F16037 /* Phonetic.app */ = {isa = PBXFileReference; explicitFileType = wrapper.application; includeInIndex = 0; path = Phonetic.app; sourceTree = BUILT_PRODUCTS_DIR; };
		B1159B6F1C59045800F16037 /* AppDelegate.swift */ = {isa = PBXFileReference; lastKnownFileType = sourcecode.swift; path = AppDelegate.swift; sourceTree = "<group>"; };
		B1159B711C59045800F16037 /* ViewController.swift */ = {isa = PBXFileReference; lastKnownFileType = sourcecode.swift; path = ViewController.swift; sourceTree = "<group>"; };
		B1159B741C59045800F16037 /* Base */ = {isa = PBXFileReference; lastKnownFileType = file.storyboard; name = Base; path = Base.lproj/Main.storyboard; sourceTree = "<group>"; };
		B1159B761C59045800F16037 /* Assets.xcassets */ = {isa = PBXFileReference; lastKnownFileType = folder.assetcatalog; path = Assets.xcassets; sourceTree = "<group>"; };
		B1159B791C59045800F16037 /* Base */ = {isa = PBXFileReference; lastKnownFileType = file.storyboard; name = Base; path = Base.lproj/LaunchScreen.storyboard; sourceTree = "<group>"; };
		B1159B7B1C59045800F16037 /* Info.plist */ = {isa = PBXFileReference; lastKnownFileType = text.plist.xml; path = Info.plist; sourceTree = "<group>"; };
		B1159B801C59045800F16037 /* PhoneticTests.xctest */ = {isa = PBXFileReference; explicitFileType = wrapper.cfbundle; includeInIndex = 0; path = PhoneticTests.xctest; sourceTree = BUILT_PRODUCTS_DIR; };
		B1159B841C59045800F16037 /* PhoneticTests.swift */ = {isa = PBXFileReference; lastKnownFileType = sourcecode.swift; path = PhoneticTests.swift; sourceTree = "<group>"; };
		B1159B861C59045800F16037 /* Info.plist */ = {isa = PBXFileReference; lastKnownFileType = text.plist.xml; path = Info.plist; sourceTree = "<group>"; };
		B1159BBE1C59140400F16037 /* AppDelegate+Extension.swift */ = {isa = PBXFileReference; fileEncoding = 4; lastKnownFileType = sourcecode.swift; path = "AppDelegate+Extension.swift"; sourceTree = "<group>"; };
		B12090911C6BBA3C00997E0A /* BlurActionSheet.swift */ = {isa = PBXFileReference; fileEncoding = 4; lastKnownFileType = sourcecode.swift; path = BlurActionSheet.swift; sourceTree = "<group>"; };
		B12090921C6BBA3C00997E0A /* BlurActionSheetCell.swift */ = {isa = PBXFileReference; fileEncoding = 4; lastKnownFileType = sourcecode.swift; path = BlurActionSheetCell.swift; sourceTree = "<group>"; };
		B12090931C6BBA3C00997E0A /* BlurBackgroundView.swift */ = {isa = PBXFileReference; fileEncoding = 4; lastKnownFileType = sourcecode.swift; path = BlurBackgroundView.swift; sourceTree = "<group>"; };
		B1215B1F1C6506D100519F36 /* PhoneticContacts+QuickSearch.swift */ = {isa = PBXFileReference; fileEncoding = 4; lastKnownFileType = sourcecode.swift; path = "PhoneticContacts+QuickSearch.swift"; sourceTree = "<group>"; };
		B1215B211C65144C00519F36 /* Phonetic.swift */ = {isa = PBXFileReference; fileEncoding = 4; lastKnownFileType = sourcecode.swift; path = Phonetic.swift; sourceTree = "<group>"; };
		B121B1AA1C7C5C1E00DC0C05 /* PolyphonicViewController.swift */ = {isa = PBXFileReference; fileEncoding = 4; lastKnownFileType = sourcecode.swift; path = PolyphonicViewController.swift; sourceTree = "<group>"; };
		B121B1B01C7C899B00DC0C05 /* PolyphonicTableViewCell.swift */ = {isa = PBXFileReference; fileEncoding = 4; lastKnownFileType = sourcecode.swift; path = PolyphonicTableViewCell.swift; sourceTree = "<group>"; };
		B122926A1C59236F00F0F549 /* PhoneticContacts.swift */ = {isa = PBXFileReference; fileEncoding = 4; lastKnownFileType = sourcecode.swift; path = PhoneticContacts.swift; sourceTree = "<group>"; };
		B124789F1C5F4D30006D1B62 /* wave.mp4 */ = {isa = PBXFileReference; lastKnownFileType = file; path = wave.mp4; sourceTree = "<group>"; };
		B125B73E1D3C7A650029AC1E /* Base */ = {isa = PBXFileReference; lastKnownFileType = text.plist.strings; name = Base; path = Base.lproj/InfoPlist.strings; sourceTree = "<group>"; };
		B125B7401D3C7A660029AC1E /* zh-Hans */ = {isa = PBXFileReference; lastKnownFileType = text.plist.strings; name = "zh-Hans"; path = "zh-Hans.lproj/InfoPlist.strings"; sourceTree = "<group>"; };
		B125B7411D3C7A670029AC1E /* zh-Hant */ = {isa = PBXFileReference; lastKnownFileType = text.plist.strings; name = "zh-Hant"; path = "zh-Hant.lproj/InfoPlist.strings"; sourceTree = "<group>"; };
		B140CCEF1C60FAD30078657A /* ContactsGenerator.swift */ = {isa = PBXFileReference; fileEncoding = 4; lastKnownFileType = sourcecode.swift; path = ContactsGenerator.swift; sourceTree = "<group>"; };
		B140CCF11C610E300078657A /* AlertController.swift */ = {isa = PBXFileReference; fileEncoding = 4; lastKnownFileType = sourcecode.swift; path = AlertController.swift; sourceTree = "<group>"; };
		B151E34F1C841A3E0023A415 /* Base */ = {isa = PBXFileReference; lastKnownFileType = text.plist.strings; name = Base; path = Base.lproj/Localizable.strings; sourceTree = "<group>"; };
		B15CB2A41C5B3C6C002694ED /* WaveView.swift */ = {isa = PBXFileReference; fileEncoding = 4; lastKnownFileType = sourcecode.swift; path = WaveView.swift; sourceTree = "<group>"; };
		B15CB2A71C5B3CA4002694ED /* index.html */ = {isa = PBXFileReference; fileEncoding = 4; lastKnownFileType = text.html; path = index.html; sourceTree = "<group>"; };
		B15CB2A81C5B3CA4002694ED /* three.min.js */ = {isa = PBXFileReference; fileEncoding = 4; lastKnownFileType = sourcecode.javascript; path = three.min.js; sourceTree = "<group>"; };
		B164CAB61C60B72C00AD7009 /* PolyphonicCharacters.swift */ = {isa = PBXFileReference; fileEncoding = 4; lastKnownFileType = sourcecode.swift; path = PolyphonicCharacters.swift; sourceTree = "<group>"; };
		B169426F1C6211FB000D5BFE /* AdditionalSettingsViewController.swift */ = {isa = PBXFileReference; fileEncoding = 4; lastKnownFileType = sourcecode.swift; path = AdditionalSettingsViewController.swift; sourceTree = "<group>"; };
		B16942711C622A7E000D5BFE /* BlurImageView.swift */ = {isa = PBXFileReference; fileEncoding = 4; lastKnownFileType = sourcecode.swift; path = BlurImageView.swift; sourceTree = "<group>"; };
		B16CAB791C5E5DE900AF3D35 /* ViewController+Execution.swift */ = {isa = PBXFileReference; fileEncoding = 4; lastKnownFileType = sourcecode.swift; path = "ViewController+Execution.swift"; sourceTree = "<group>"; };
		B16EA4F61D3374AF000C6BDB /* Components.framework */ = {isa = PBXFileReference; explicitFileType = wrapper.framework; includeInIndex = 0; path = Components.framework; sourceTree = BUILT_PRODUCTS_DIR; };
		B16EA4F81D3374AF000C6BDB /* Components.h */ = {isa = PBXFileReference; lastKnownFileType = sourcecode.c.h; path = Components.h; sourceTree = "<group>"; };
		B16EA4F91D3374AF000C6BDB /* Info.plist */ = {isa = PBXFileReference; lastKnownFileType = text.plist.xml; path = Info.plist; sourceTree = "<group>"; };
		B16EA5041D3374D1000C6BDB /* KDCircularProgress.swift */ = {isa = PBXFileReference; fileEncoding = 4; lastKnownFileType = sourcecode.swift; path = KDCircularProgress.swift; sourceTree = "<group>"; };
		B16EA5061D3374D1000C6BDB /* AkiraTextField.swift */ = {isa = PBXFileReference; fileEncoding = 4; lastKnownFileType = sourcecode.swift; path = AkiraTextField.swift; sourceTree = "<group>"; };
		B16EA5071D3374D1000C6BDB /* HoshiTextField.swift */ = {isa = PBXFileReference; fileEncoding = 4; lastKnownFileType = sourcecode.swift; path = HoshiTextField.swift; sourceTree = "<group>"; };
		B16EA5081D3374D1000C6BDB /* IsaoTextField.swift */ = {isa = PBXFileReference; fileEncoding = 4; lastKnownFileType = sourcecode.swift; path = IsaoTextField.swift; sourceTree = "<group>"; };
		B16EA5091D3374D1000C6BDB /* JiroTextField.swift */ = {isa = PBXFileReference; fileEncoding = 4; lastKnownFileType = sourcecode.swift; path = JiroTextField.swift; sourceTree = "<group>"; };
		B16EA50A1D3374D1000C6BDB /* KaedeTextField.swift */ = {isa = PBXFileReference; fileEncoding = 4; lastKnownFileType = sourcecode.swift; path = KaedeTextField.swift; sourceTree = "<group>"; };
		B16EA50B1D3374D1000C6BDB /* MadokaTextField.swift */ = {isa = PBXFileReference; fileEncoding = 4; lastKnownFileType = sourcecode.swift; path = MadokaTextField.swift; sourceTree = "<group>"; };
		B16EA50C1D3374D1000C6BDB /* MinoruTextField.swift */ = {isa = PBXFileReference; fileEncoding = 4; lastKnownFileType = sourcecode.swift; path = MinoruTextField.swift; sourceTree = "<group>"; };
		B16EA50D1D3374D1000C6BDB /* TextFieldsEffects.swift */ = {isa = PBXFileReference; fileEncoding = 4; lastKnownFileType = sourcecode.swift; path = TextFieldsEffects.swift; sourceTree = "<group>"; };
		B16EA50E1D3374D1000C6BDB /* YokoTextField.swift */ = {isa = PBXFileReference; fileEncoding = 4; lastKnownFileType = sourcecode.swift; path = YokoTextField.swift; sourceTree = "<group>"; };
		B16EA50F1D3374D1000C6BDB /* YoshikoTextField.swift */ = {isa = PBXFileReference; fileEncoding = 4; lastKnownFileType = sourcecode.swift; path = YoshikoTextField.swift; sourceTree = "<group>"; };
		B16FEB271C779F4400FEB550 /* zh-Hans */ = {isa = PBXFileReference; lastKnownFileType = text.plist.strings; name = "zh-Hans"; path = "zh-Hans.lproj/Main.strings"; sourceTree = "<group>"; };
		B16FEB291C779F4E00FEB550 /* zh-Hant */ = {isa = PBXFileReference; lastKnownFileType = text.plist.strings; name = "zh-Hant"; path = "zh-Hant.lproj/Main.strings"; sourceTree = "<group>"; };
		B16FEB301C779F6B00FEB550 /* zh-Hans */ = {isa = PBXFileReference; lastKnownFileType = text.plist.strings; name = "zh-Hans"; path = "zh-Hans.lproj/Localizable.strings"; sourceTree = "<group>"; };
		B16FEB311C779F6C00FEB550 /* zh-Hant */ = {isa = PBXFileReference; lastKnownFileType = text.plist.strings; name = "zh-Hant"; path = "zh-Hant.lproj/Localizable.strings"; sourceTree = "<group>"; };
		B174F64A1CD636EE00458FE6 /* CustomSelectedBackgroundView.swift */ = {isa = PBXFileReference; fileEncoding = 4; lastKnownFileType = sourcecode.swift; path = CustomSelectedBackgroundView.swift; sourceTree = "<group>"; };
		B174F64B1CD636EE00458FE6 /* PageViewController.swift */ = {isa = PBXFileReference; fileEncoding = 4; lastKnownFileType = sourcecode.swift; path = PageViewController.swift; sourceTree = "<group>"; };
		B174F64C1CD636EE00458FE6 /* QuickSearchKeys.swift */ = {isa = PBXFileReference; fileEncoding = 4; lastKnownFileType = sourcecode.swift; path = QuickSearchKeys.swift; sourceTree = "<group>"; };
		B174F64D1CD636EE00458FE6 /* Walkthrough+Ex.swift */ = {isa = PBXFileReference; fileEncoding = 4; lastKnownFileType = sourcecode.swift; path = "Walkthrough+Ex.swift"; sourceTree = "<group>"; };
		B174F64E1CD636EE00458FE6 /* Walkthrough.storyboard */ = {isa = PBXFileReference; fileEncoding = 4; lastKnownFileType = file.storyboard; path = Walkthrough.storyboard; sourceTree = "<group>"; };
		B174F64F1CD636EE00458FE6 /* Walkthrough.xcassets */ = {isa = PBXFileReference; lastKnownFileType = folder.assetcatalog; path = Walkthrough.xcassets; sourceTree = "<group>"; };
		B174F6501CD636EE00458FE6 /* WalkthroughViewController.swift */ = {isa = PBXFileReference; fileEncoding = 4; lastKnownFileType = sourcecode.swift; path = WalkthroughViewController.swift; sourceTree = "<group>"; };
		B174F6591CD637D600458FE6 /* CWStatusBarNotification.swift */ = {isa = PBXFileReference; fileEncoding = 4; lastKnownFileType = sourcecode.swift; path = CWStatusBarNotification.swift; sourceTree = "<group>"; };
		B174F65A1CD637D600458FE6 /* CWStatusBarNotificationUtils.swift */ = {isa = PBXFileReference; fileEncoding = 4; lastKnownFileType = sourcecode.swift; path = CWStatusBarNotificationUtils.swift; sourceTree = "<group>"; };
		B174F65B1CD637D600458FE6 /* Toast.swift */ = {isa = PBXFileReference; fileEncoding = 4; lastKnownFileType = sourcecode.swift; path = Toast.swift; sourceTree = "<group>"; };
		B174F65F1CD6389800458FE6 /* UIView+Extension.swift */ = {isa = PBXFileReference; fileEncoding = 4; lastKnownFileType = sourcecode.swift; path = "UIView+Extension.swift"; sourceTree = "<group>"; };
		B174F6611CD6396200458FE6 /* UIStoryboard+Extension.swift */ = {isa = PBXFileReference; fileEncoding = 4; lastKnownFileType = sourcecode.swift; path = "UIStoryboard+Extension.swift"; sourceTree = "<group>"; };
		B174F6631CD639CD00458FE6 /* UserDefaults+Extension.swift */ = {isa = PBXFileReference; fileEncoding = 4; lastKnownFileType = sourcecode.swift; path = "UserDefaults+Extension.swift"; sourceTree = "<group>"; };
		B178D8971CA28E74003254B9 /* UIEffectView+Ex.swift */ = {isa = PBXFileReference; fileEncoding = 4; lastKnownFileType = sourcecode.swift; path = "UIEffectView+Ex.swift"; sourceTree = "<group>"; };
		B1887A831C639AE900AD9BC2 /* DGElasticPullToRefreshConstants.swift */ = {isa = PBXFileReference; fileEncoding = 4; lastKnownFileType = sourcecode.swift; path = DGElasticPullToRefreshConstants.swift; sourceTree = "<group>"; };
		B1887A841C639AE900AD9BC2 /* DGElasticPullToRefreshExtensions.swift */ = {isa = PBXFileReference; fileEncoding = 4; lastKnownFileType = sourcecode.swift; path = DGElasticPullToRefreshExtensions.swift; sourceTree = "<group>"; };
		B1887A851C639AE900AD9BC2 /* DGElasticPullToRefreshLoadingView.swift */ = {isa = PBXFileReference; fileEncoding = 4; lastKnownFileType = sourcecode.swift; path = DGElasticPullToRefreshLoadingView.swift; sourceTree = "<group>"; };
		B1887A861C639AE900AD9BC2 /* DGElasticPullToRefreshLoadingViewCircle.swift */ = {isa = PBXFileReference; fileEncoding = 4; lastKnownFileType = sourcecode.swift; path = DGElasticPullToRefreshLoadingViewCircle.swift; sourceTree = "<group>"; };
		B1887A871C639AE900AD9BC2 /* DGElasticPullToRefreshView.swift */ = {isa = PBXFileReference; fileEncoding = 4; lastKnownFileType = sourcecode.swift; path = DGElasticPullToRefreshView.swift; sourceTree = "<group>"; };
		B18AC1FC1C6E716F0090AE16 /* PhoneticContacts+Clean.swift */ = {isa = PBXFileReference; fileEncoding = 4; lastKnownFileType = sourcecode.swift; path = "PhoneticContacts+Clean.swift"; sourceTree = "<group>"; };
		B18AC2001C70F8390090AE16 /* TableViewHeaderFooterViewWithButton.swift */ = {isa = PBXFileReference; fileEncoding = 4; lastKnownFileType = sourcecode.swift; path = TableViewHeaderFooterViewWithButton.swift; sourceTree = "<group>"; };
		B18AC2021C7104F20090AE16 /* SettingsNavigationController.swift */ = {isa = PBXFileReference; fileEncoding = 4; lastKnownFileType = sourcecode.swift; path = SettingsNavigationController.swift; sourceTree = "<group>"; };
		B18AC2081C71B35E0090AE16 /* HelpManualViewController.swift */ = {isa = PBXFileReference; fileEncoding = 4; lastKnownFileType = sourcecode.swift; path = HelpManualViewController.swift; sourceTree = "<group>"; };
		B18AC20A1C71C0C80090AE16 /* BaseTableViewController.swift */ = {isa = PBXFileReference; fileEncoding = 4; lastKnownFileType = sourcecode.swift; path = BaseTableViewController.swift; sourceTree = "<group>"; };
		B18AC20E1C721F610090AE16 /* DetectPreferredLanguage.swift */ = {isa = PBXFileReference; fileEncoding = 4; lastKnownFileType = sourcecode.swift; path = DetectPreferredLanguage.swift; sourceTree = "<group>"; };
		B19686481C5C916C006F4614 /* GradientView.swift */ = {isa = PBXFileReference; fileEncoding = 4; lastKnownFileType = sourcecode.swift; path = GradientView.swift; sourceTree = "<group>"; };
		B196864E1C5CEDBE006F4614 /* OtherSettingView.swift */ = {isa = PBXFileReference; fileEncoding = 4; lastKnownFileType = sourcecode.swift; path = OtherSettingView.swift; sourceTree = "<group>"; };
		B196865A1C5D0535006F4614 /* AppIconImageView.swift */ = {isa = PBXFileReference; fileEncoding = 4; lastKnownFileType = sourcecode.swift; path = AppIconImageView.swift; sourceTree = "<group>"; };
		B1A2AF4E1C8078120080A261 /* PhoneticContacts+Polyphonic.swift */ = {isa = PBXFileReference; fileEncoding = 4; lastKnownFileType = sourcecode.swift; path = "PhoneticContacts+Polyphonic.swift"; sourceTree = "<group>"; };
		B1B1CB621C5E25E300AD7E73 /* ViewController+Rate.swift */ = {isa = PBXFileReference; fileEncoding = 4; lastKnownFileType = sourcecode.swift; path = "ViewController+Rate.swift"; sourceTree = "<group>"; };
		B1C5BBED1CA27EA9009B0A71 /* UIDevice+Extension.swift */ = {isa = PBXFileReference; fileEncoding = 4; lastKnownFileType = sourcecode.swift; path = "UIDevice+Extension.swift"; sourceTree = "<group>"; };
		B1C852071C8566DB005549FD /* ViewController+Initialize.swift */ = {isa = PBXFileReference; fileEncoding = 4; lastKnownFileType = sourcecode.swift; path = "ViewController+Initialize.swift"; sourceTree = "<group>"; };
		B1C8520C1C856AD2005549FD /* AppConfiguration.swift */ = {isa = PBXFileReference; fileEncoding = 4; lastKnownFileType = sourcecode.swift; path = AppConfiguration.swift; sourceTree = "<group>"; };
		B1C8520D1C856AD2005549FD /* DEBUGLog.swift */ = {isa = PBXFileReference; fileEncoding = 4; lastKnownFileType = sourcecode.swift; path = DEBUGLog.swift; sourceTree = "<group>"; };
		B1C8520F1C856AD2005549FD /* TopMostViewController+Extension.swift */ = {isa = PBXFileReference; fileEncoding = 4; lastKnownFileType = sourcecode.swift; path = "TopMostViewController+Extension.swift"; sourceTree = "<group>"; };
		B1C852101C856AD2005549FD /* UIApplication+Extension.swift */ = {isa = PBXFileReference; fileEncoding = 4; lastKnownFileType = sourcecode.swift; path = "UIApplication+Extension.swift"; sourceTree = "<group>"; };
		B1C852111C856AD2005549FD /* UIButton+Extension.swift */ = {isa = PBXFileReference; fileEncoding = 4; lastKnownFileType = sourcecode.swift; path = "UIButton+Extension.swift"; sourceTree = "<group>"; };
		B1C852121C856AD2005549FD /* UIColor+Extension.swift */ = {isa = PBXFileReference; fileEncoding = 4; lastKnownFileType = sourcecode.swift; path = "UIColor+Extension.swift"; sourceTree = "<group>"; };
		B1C852131C856AD2005549FD /* UINavigationController+Extension.swift */ = {isa = PBXFileReference; fileEncoding = 4; lastKnownFileType = sourcecode.swift; path = "UINavigationController+Extension.swift"; sourceTree = "<group>"; };
		B1C852141C856AD2005549FD /* UIScreen+Extension.swift */ = {isa = PBXFileReference; fileEncoding = 4; lastKnownFileType = sourcecode.swift; path = "UIScreen+Extension.swift"; sourceTree = "<group>"; };
		B1C852151C856AD2005549FD /* UISwitch+Extension.swift */ = {isa = PBXFileReference; fileEncoding = 4; lastKnownFileType = sourcecode.swift; path = "UISwitch+Extension.swift"; sourceTree = "<group>"; };
		B1C852171C856AD2005549FD /* UIViewController+Extension.swift */ = {isa = PBXFileReference; fileEncoding = 4; lastKnownFileType = sourcecode.swift; path = "UIViewController+Extension.swift"; sourceTree = "<group>"; };
		B1C852281C856C71005549FD /* UIViewController+PullToDismiss.swift */ = {isa = PBXFileReference; fileEncoding = 4; lastKnownFileType = sourcecode.swift; path = "UIViewController+PullToDismiss.swift"; sourceTree = "<group>"; };
		B1FF84E11C5BC36C0036F8AA /* SettingViewController.swift */ = {isa = PBXFileReference; fileEncoding = 4; lastKnownFileType = sourcecode.swift; path = SettingViewController.swift; sourceTree = "<group>"; };
		B1FF84E31C5BC3800036F8AA /* InfoViewController.swift */ = {isa = PBXFileReference; fileEncoding = 4; lastKnownFileType = sourcecode.swift; path = InfoViewController.swift; sourceTree = "<group>"; };
		B1FF84E51C5BC7B70036F8AA /* ViewController+Popover.swift */ = {isa = PBXFileReference; fileEncoding = 4; lastKnownFileType = sourcecode.swift; path = "ViewController+Popover.swift"; sourceTree = "<group>"; };
		B36B08DEC9E323ADD48A613A /* Pods-Phonetic.release.xcconfig */ = {isa = PBXFileReference; includeInIndex = 1; lastKnownFileType = text.xcconfig; name = "Pods-Phonetic.release.xcconfig"; path = "Pods/Target Support Files/Pods-Phonetic/Pods-Phonetic.release.xcconfig"; sourceTree = "<group>"; };
		D093719AEE444E64008DAEB0 /* Pods_Phonetic.framework */ = {isa = PBXFileReference; explicitFileType = wrapper.framework; includeInIndex = 0; path = Pods_Phonetic.framework; sourceTree = BUILT_PRODUCTS_DIR; };
/* End PBXFileReference section */

/* Begin PBXFrameworksBuildPhase section */
		B1159B691C59045800F16037 /* Frameworks */ = {
			isa = PBXFrameworksBuildPhase;
			buildActionMask = 2147483647;
			files = (
				B16EA4FD1D3374AF000C6BDB /* Components.framework in Frameworks */,
			);
			runOnlyForDeploymentPostprocessing = 0;
		};
		B1159B7D1C59045800F16037 /* Frameworks */ = {
			isa = PBXFrameworksBuildPhase;
			buildActionMask = 2147483647;
			files = (
			);
			runOnlyForDeploymentPostprocessing = 0;
		};
		B16EA4F21D3374AF000C6BDB /* Frameworks */ = {
			isa = PBXFrameworksBuildPhase;
			buildActionMask = 2147483647;
			files = (
			);
			runOnlyForDeploymentPostprocessing = 0;
		};
/* End PBXFrameworksBuildPhase section */

/* Begin PBXGroup section */
		45743392DE05C5F679B9D9FB /* Pods */ = {
			isa = PBXGroup;
			children = (
				A54D96AA551C0EE06AE9B3D9 /* Pods-Phonetic.debug.xcconfig */,
				B36B08DEC9E323ADD48A613A /* Pods-Phonetic.release.xcconfig */,
			);
			name = Pods;
			sourceTree = "<group>";
		};
		8C575016F24CFE5BCA9D0E74 /* Frameworks */ = {
			isa = PBXGroup;
			children = (
				D093719AEE444E64008DAEB0 /* Pods_Phonetic.framework */,
			);
			name = Frameworks;
			sourceTree = "<group>";
		};
		B1159B631C59045800F16037 = {
			isa = PBXGroup;
			children = (
				B1159B6E1C59045800F16037 /* Phonetic */,
				B16EA4F71D3374AF000C6BDB /* Components */,
				B19686501C5CEDFF006F4614 /* ThirdParty */,
				B1C8520B1C856AD2005549FD /* Extensions */,
				B174F6491CD636EE00458FE6 /* Walkthrough */,
				B1159B831C59045800F16037 /* PhoneticTests */,
				B1159B6D1C59045800F16037 /* Products */,
				45743392DE05C5F679B9D9FB /* Pods */,
				8C575016F24CFE5BCA9D0E74 /* Frameworks */,
			);
			sourceTree = "<group>";
		};
		B1159B6D1C59045800F16037 /* Products */ = {
			isa = PBXGroup;
			children = (
				B1159B6C1C59045800F16037 /* Phonetic.app */,
				B1159B801C59045800F16037 /* PhoneticTests.xctest */,
				B16EA4F61D3374AF000C6BDB /* Components.framework */,
			);
			name = Products;
			sourceTree = "<group>";
		};
		B1159B6E1C59045800F16037 /* Phonetic */ = {
			isa = PBXGroup;
			children = (
				B1159B6F1C59045800F16037 /* AppDelegate.swift */,
				B1159BBE1C59140400F16037 /* AppDelegate+Extension.swift */,
				B1128A0E1CBA1779000258E2 /* AppDelegate+3DTouch.swift */,
				B12292681C59185600F0F549 /* Models */,
				B12292671C59185000F0F549 /* Views */,
				B12292661C59184000F0F549 /* Controllers */,
				B12292691C59187A00F0F549 /* Supporting Files */,
			);
			path = Phonetic;
			sourceTree = "<group>";
		};
		B1159B831C59045800F16037 /* PhoneticTests */ = {
			isa = PBXGroup;
			children = (
				B1159B841C59045800F16037 /* PhoneticTests.swift */,
				B1159B861C59045800F16037 /* Info.plist */,
			);
			path = PhoneticTests;
			sourceTree = "<group>";
		};
		B12090901C6BBA3C00997E0A /* BlurActionSheet */ = {
			isa = PBXGroup;
			children = (
				B12090911C6BBA3C00997E0A /* BlurActionSheet.swift */,
				B12090921C6BBA3C00997E0A /* BlurActionSheetCell.swift */,
				B12090931C6BBA3C00997E0A /* BlurBackgroundView.swift */,
			);
			path = BlurActionSheet;
			sourceTree = "<group>";
		};
		B12292661C59184000F0F549 /* Controllers */ = {
			isa = PBXGroup;
			children = (
				B1159B711C59045800F16037 /* ViewController.swift */,
				B16CAB791C5E5DE900AF3D35 /* ViewController+Execution.swift */,
				B1FF84E51C5BC7B70036F8AA /* ViewController+Popover.swift */,
				B1B1CB621C5E25E300AD7E73 /* ViewController+Rate.swift */,
				B1C852071C8566DB005549FD /* ViewController+Initialize.swift */,
				B1FF84E11C5BC36C0036F8AA /* SettingViewController.swift */,
				B169426F1C6211FB000D5BFE /* AdditionalSettingsViewController.swift */,
				B121B1AA1C7C5C1E00DC0C05 /* PolyphonicViewController.swift */,
				B18AC2081C71B35E0090AE16 /* HelpManualViewController.swift */,
				B1FF84E31C5BC3800036F8AA /* InfoViewController.swift */,
				B18AC2021C7104F20090AE16 /* SettingsNavigationController.swift */,
				B18AC20A1C71C0C80090AE16 /* BaseTableViewController.swift */,
				B140CCF11C610E300078657A /* AlertController.swift */,
			);
			name = Controllers;
			sourceTree = "<group>";
		};
		B12292671C59185000F0F549 /* Views */ = {
			isa = PBXGroup;
			children = (
				B16942711C622A7E000D5BFE /* BlurImageView.swift */,
				B15CB2A41C5B3C6C002694ED /* WaveView.swift */,
				B19686481C5C916C006F4614 /* GradientView.swift */,
				B121B1B01C7C899B00DC0C05 /* PolyphonicTableViewCell.swift */,
				B196864E1C5CEDBE006F4614 /* OtherSettingView.swift */,
				B196865A1C5D0535006F4614 /* AppIconImageView.swift */,
				B18AC2001C70F8390090AE16 /* TableViewHeaderFooterViewWithButton.swift */,
				B178D8971CA28E74003254B9 /* UIEffectView+Ex.swift */,
			);
			name = Views;
			sourceTree = "<group>";
		};
		B12292681C59185600F0F549 /* Models */ = {
			isa = PBXGroup;
			children = (
				B164CAB61C60B72C00AD7009 /* PolyphonicCharacters.swift */,
				B1215B211C65144C00519F36 /* Phonetic.swift */,
				B122926A1C59236F00F0F549 /* PhoneticContacts.swift */,
				B1A2AF4E1C8078120080A261 /* PhoneticContacts+Polyphonic.swift */,
				B1215B1F1C6506D100519F36 /* PhoneticContacts+QuickSearch.swift */,
				B18AC1FC1C6E716F0090AE16 /* PhoneticContacts+Clean.swift */,
				B18AC20E1C721F610090AE16 /* DetectPreferredLanguage.swift */,
				B140CCEF1C60FAD30078657A /* ContactsGenerator.swift */,
			);
			name = Models;
			sourceTree = "<group>";
		};
		B12292691C59187A00F0F549 /* Supporting Files */ = {
			isa = PBXGroup;
			children = (
				B15CB2A61C5B3CA4002694ED /* wave */,
				B1159B731C59045800F16037 /* Main.storyboard */,
				B1159B761C59045800F16037 /* Assets.xcassets */,
				B1159B781C59045800F16037 /* LaunchScreen.storyboard */,
				B16FEB2F1C779F6400FEB550 /* Localizable.strings */,
				B125B73F1D3C7A650029AC1E /* InfoPlist.strings */,
				B1159B7B1C59045800F16037 /* Info.plist */,
			);
			name = "Supporting Files";
			sourceTree = "<group>";
		};
		B15CB2A61C5B3CA4002694ED /* wave */ = {
			isa = PBXGroup;
			children = (
				B124789F1C5F4D30006D1B62 /* wave.mp4 */,
				B15CB2A71C5B3CA4002694ED /* index.html */,
				B15CB2A81C5B3CA4002694ED /* three.min.js */,
			);
			path = wave;
			sourceTree = "<group>";
		};
		B16EA4F71D3374AF000C6BDB /* Components */ = {
			isa = PBXGroup;
			children = (
				B16EA5031D3374D1000C6BDB /* KDCircularProgress */,
				B16EA5051D3374D1000C6BDB /* TextFieldEffects */,
				B16EA4F81D3374AF000C6BDB /* Components.h */,
				B16EA4F91D3374AF000C6BDB /* Info.plist */,
			);
			path = Components;
			sourceTree = "<group>";
		};
		B16EA5031D3374D1000C6BDB /* KDCircularProgress */ = {
			isa = PBXGroup;
			children = (
				B16EA5041D3374D1000C6BDB /* KDCircularProgress.swift */,
			);
			path = KDCircularProgress;
			sourceTree = "<group>";
		};
		B16EA5051D3374D1000C6BDB /* TextFieldEffects */ = {
			isa = PBXGroup;
			children = (
				B16EA5061D3374D1000C6BDB /* AkiraTextField.swift */,
				B16EA5071D3374D1000C6BDB /* HoshiTextField.swift */,
				B16EA5081D3374D1000C6BDB /* IsaoTextField.swift */,
				B16EA5091D3374D1000C6BDB /* JiroTextField.swift */,
				B16EA50A1D3374D1000C6BDB /* KaedeTextField.swift */,
				B16EA50B1D3374D1000C6BDB /* MadokaTextField.swift */,
				B16EA50C1D3374D1000C6BDB /* MinoruTextField.swift */,
				B16EA50D1D3374D1000C6BDB /* TextFieldsEffects.swift */,
				B16EA50E1D3374D1000C6BDB /* YokoTextField.swift */,
				B16EA50F1D3374D1000C6BDB /* YoshikoTextField.swift */,
			);
			path = TextFieldEffects;
			sourceTree = "<group>";
		};
		B174F6491CD636EE00458FE6 /* Walkthrough */ = {
			isa = PBXGroup;
			children = (
				B174F64D1CD636EE00458FE6 /* Walkthrough+Ex.swift */,
				B174F64B1CD636EE00458FE6 /* PageViewController.swift */,
				B174F6501CD636EE00458FE6 /* WalkthroughViewController.swift */,
				B174F64C1CD636EE00458FE6 /* QuickSearchKeys.swift */,
				B174F64A1CD636EE00458FE6 /* CustomSelectedBackgroundView.swift */,
				B174F64E1CD636EE00458FE6 /* Walkthrough.storyboard */,
				B174F64F1CD636EE00458FE6 /* Walkthrough.xcassets */,
			);
			name = Walkthrough;
			path = Phonetic/Walkthrough;
			sourceTree = "<group>";
		};
		B174F6581CD637D600458FE6 /* CWStatusBarNotification */ = {
			isa = PBXGroup;
			children = (
				B174F6591CD637D600458FE6 /* CWStatusBarNotification.swift */,
				B174F65A1CD637D600458FE6 /* CWStatusBarNotificationUtils.swift */,
				B174F65B1CD637D600458FE6 /* Toast.swift */,
			);
			path = CWStatusBarNotification;
			sourceTree = "<group>";
		};
		B1887A821C639AE900AD9BC2 /* DGElasticPullToRefresh */ = {
			isa = PBXGroup;
			children = (
				B1887A831C639AE900AD9BC2 /* DGElasticPullToRefreshConstants.swift */,
				B1887A841C639AE900AD9BC2 /* DGElasticPullToRefreshExtensions.swift */,
				B1887A851C639AE900AD9BC2 /* DGElasticPullToRefreshLoadingView.swift */,
				B1887A861C639AE900AD9BC2 /* DGElasticPullToRefreshLoadingViewCircle.swift */,
				B1887A871C639AE900AD9BC2 /* DGElasticPullToRefreshView.swift */,
			);
			path = DGElasticPullToRefresh;
			sourceTree = "<group>";
		};
		B19686501C5CEDFF006F4614 /* ThirdParty */ = {
			isa = PBXGroup;
			children = (
				B174F6581CD637D600458FE6 /* CWStatusBarNotification */,
				B12090901C6BBA3C00997E0A /* BlurActionSheet */,
				B1887A821C639AE900AD9BC2 /* DGElasticPullToRefresh */,
			);
			name = ThirdParty;
			path = Phonetic;
			sourceTree = "<group>";
		};
		B1C8520B1C856AD2005549FD /* Extensions */ = {
			isa = PBXGroup;
			children = (
				B1C8520C1C856AD2005549FD /* AppConfiguration.swift */,
				B1C8520D1C856AD2005549FD /* DEBUGLog.swift */,
				B174F6631CD639CD00458FE6 /* UserDefaults+Extension.swift */,
				B1C8520F1C856AD2005549FD /* TopMostViewController+Extension.swift */,
				B1C852101C856AD2005549FD /* UIApplication+Extension.swift */,
				B1C852111C856AD2005549FD /* UIButton+Extension.swift */,
				B1C5BBED1CA27EA9009B0A71 /* UIDevice+Extension.swift */,
				B1C852121C856AD2005549FD /* UIColor+Extension.swift */,
				B1C852131C856AD2005549FD /* UINavigationController+Extension.swift */,
				B1C852141C856AD2005549FD /* UIScreen+Extension.swift */,
				B1C852151C856AD2005549FD /* UISwitch+Extension.swift */,
				B174F65F1CD6389800458FE6 /* UIView+Extension.swift */,
				B1C852171C856AD2005549FD /* UIViewController+Extension.swift */,
				B1C852281C856C71005549FD /* UIViewController+PullToDismiss.swift */,
				B174F6611CD6396200458FE6 /* UIStoryboard+Extension.swift */,
				B1128A101CBA873A000258E2 /* Utils.swift */,
			);
			name = Extensions;
			path = Phonetic/Extensions;
			sourceTree = "<group>";
		};
/* End PBXGroup section */

/* Begin PBXHeadersBuildPhase section */
		B16EA4F31D3374AF000C6BDB /* Headers */ = {
			isa = PBXHeadersBuildPhase;
			buildActionMask = 2147483647;
			files = (
				B16EA4FA1D3374AF000C6BDB /* Components.h in Headers */,
			);
			runOnlyForDeploymentPostprocessing = 0;
		};
/* End PBXHeadersBuildPhase section */

/* Begin PBXNativeTarget section */
		B1159B6B1C59045800F16037 /* Phonetic */ = {
			isa = PBXNativeTarget;
			buildConfigurationList = B1159B891C59045800F16037 /* Build configuration list for PBXNativeTarget "Phonetic" */;
			buildPhases = (
				64AA6C143B978DFAC1F1124C /* [CP] Check Pods Manifest.lock */,
				B1159B681C59045800F16037 /* Sources */,
				B1159B691C59045800F16037 /* Frameworks */,
				B1159B6A1C59045800F16037 /* Resources */,
				B16EA5021D3374AF000C6BDB /* Embed Frameworks */,
				61D42E37907C035390767F8A /* [CP] Embed Pods Frameworks */,
				1FC89A2FD8FC3AF2D83CD697 /* [CP] Copy Pods Resources */,
			);
			buildRules = (
			);
			dependencies = (
				B16EA4FC1D3374AF000C6BDB /* PBXTargetDependency */,
			);
			name = Phonetic;
			productName = Phonetic;
			productReference = B1159B6C1C59045800F16037 /* Phonetic.app */;
			productType = "com.apple.product-type.application";
		};
		B1159B7F1C59045800F16037 /* PhoneticTests */ = {
			isa = PBXNativeTarget;
			buildConfigurationList = B1159B8C1C59045800F16037 /* Build configuration list for PBXNativeTarget "PhoneticTests" */;
			buildPhases = (
				B1159B7C1C59045800F16037 /* Sources */,
				B1159B7D1C59045800F16037 /* Frameworks */,
				B1159B7E1C59045800F16037 /* Resources */,
			);
			buildRules = (
			);
			dependencies = (
				B1159B821C59045800F16037 /* PBXTargetDependency */,
			);
			name = PhoneticTests;
			productName = PhoneticTests;
			productReference = B1159B801C59045800F16037 /* PhoneticTests.xctest */;
			productType = "com.apple.product-type.bundle.unit-test";
		};
		B16EA4F51D3374AF000C6BDB /* Components */ = {
			isa = PBXNativeTarget;
			buildConfigurationList = B16EA5011D3374AF000C6BDB /* Build configuration list for PBXNativeTarget "Components" */;
			buildPhases = (
				B16EA4F11D3374AF000C6BDB /* Sources */,
				B16EA4F21D3374AF000C6BDB /* Frameworks */,
				B16EA4F31D3374AF000C6BDB /* Headers */,
				B16EA4F41D3374AF000C6BDB /* Resources */,
			);
			buildRules = (
			);
			dependencies = (
			);
			name = Components;
			productName = Components;
			productReference = B16EA4F61D3374AF000C6BDB /* Components.framework */;
			productType = "com.apple.product-type.framework";
		};
/* End PBXNativeTarget section */

/* Begin PBXProject section */
		B1159B641C59045800F16037 /* Project object */ = {
			isa = PBXProject;
			attributes = {
				LastSwiftUpdateCheck = 0720;
				LastUpgradeCheck = 0720;
				ORGANIZATIONNAME = iAugus;
				TargetAttributes = {
					B1159B6B1C59045800F16037 = {
						CreatedOnToolsVersion = 7.2;
						DevelopmentTeam = J4Z2NCTR3S;
						LastSwiftMigration = 0800;
						SystemCapabilities = {
							com.apple.BackgroundModes = {
								enabled = 0;
							};
						};
					};
					B1159B7F1C59045800F16037 = {
						CreatedOnToolsVersion = 7.2;
						LastSwiftMigration = 0800;
						TestTargetID = B1159B6B1C59045800F16037;
					};
					B16EA4F51D3374AF000C6BDB = {
						CreatedOnToolsVersion = 8.0;
						DevelopmentTeam = J4Z2NCTR3S;
						DevelopmentTeamName = "Lei Wang";
						ProvisioningStyle = Automatic;
					};
				};
			};
			buildConfigurationList = B1159B671C59045800F16037 /* Build configuration list for PBXProject "Phonetic" */;
			compatibilityVersion = "Xcode 3.2";
			developmentRegion = English;
			hasScannedForEncodings = 0;
			knownRegions = (
				en,
				Base,
				"zh-Hans",
				"zh-Hant",
			);
			mainGroup = B1159B631C59045800F16037;
			productRefGroup = B1159B6D1C59045800F16037 /* Products */;
			projectDirPath = "";
			projectRoot = "";
			targets = (
				B1159B6B1C59045800F16037 /* Phonetic */,
				B1159B7F1C59045800F16037 /* PhoneticTests */,
				B16EA4F51D3374AF000C6BDB /* Components */,
			);
		};
/* End PBXProject section */

/* Begin PBXResourcesBuildPhase section */
		B1159B6A1C59045800F16037 /* Resources */ = {
			isa = PBXResourcesBuildPhase;
			buildActionMask = 2147483647;
			files = (
				B1159B7A1C59045800F16037 /* LaunchScreen.storyboard in Resources */,
				B15CB2AA1C5B3CA4002694ED /* three.min.js in Resources */,
				B15CB2A91C5B3CA4002694ED /* index.html in Resources */,
				B16FEB2D1C779F6400FEB550 /* Localizable.strings in Resources */,
				B174F6561CD636EE00458FE6 /* Walkthrough.xcassets in Resources */,
				B1159B771C59045800F16037 /* Assets.xcassets in Resources */,
				B174F6551CD636EE00458FE6 /* Walkthrough.storyboard in Resources */,
				B12478A01C5F4D30006D1B62 /* wave.mp4 in Resources */,
				B1159B751C59045800F16037 /* Main.storyboard in Resources */,
				B125B73D1D3C7A650029AC1E /* InfoPlist.strings in Resources */,
			);
			runOnlyForDeploymentPostprocessing = 0;
		};
		B1159B7E1C59045800F16037 /* Resources */ = {
			isa = PBXResourcesBuildPhase;
			buildActionMask = 2147483647;
			files = (
			);
			runOnlyForDeploymentPostprocessing = 0;
		};
		B16EA4F41D3374AF000C6BDB /* Resources */ = {
			isa = PBXResourcesBuildPhase;
			buildActionMask = 2147483647;
			files = (
			);
			runOnlyForDeploymentPostprocessing = 0;
		};
/* End PBXResourcesBuildPhase section */

/* Begin PBXShellScriptBuildPhase section */
		1FC89A2FD8FC3AF2D83CD697 /* [CP] Copy Pods Resources */ = {
			isa = PBXShellScriptBuildPhase;
			buildActionMask = 2147483647;
			files = (
			);
			inputPaths = (
			);
			name = "[CP] Copy Pods Resources";
			outputPaths = (
			);
			runOnlyForDeploymentPostprocessing = 0;
			shellPath = /bin/sh;
			shellScript = "\"${SRCROOT}/Pods/Target Support Files/Pods-Phonetic/Pods-Phonetic-resources.sh\"\n";
			showEnvVarsInLog = 0;
		};
		61D42E37907C035390767F8A /* [CP] Embed Pods Frameworks */ = {
			isa = PBXShellScriptBuildPhase;
			buildActionMask = 2147483647;
			files = (
			);
			inputPaths = (
			);
			name = "[CP] Embed Pods Frameworks";
			outputPaths = (
			);
			runOnlyForDeploymentPostprocessing = 0;
			shellPath = /bin/sh;
			shellScript = "\"${SRCROOT}/Pods/Target Support Files/Pods-Phonetic/Pods-Phonetic-frameworks.sh\"\n";
			showEnvVarsInLog = 0;
		};
		64AA6C143B978DFAC1F1124C /* [CP] Check Pods Manifest.lock */ = {
			isa = PBXShellScriptBuildPhase;
			buildActionMask = 2147483647;
			files = (
			);
			inputPaths = (
			);
			name = "[CP] Check Pods Manifest.lock";
			outputPaths = (
			);
			runOnlyForDeploymentPostprocessing = 0;
			shellPath = /bin/sh;
			shellScript = "diff \"${PODS_ROOT}/../Podfile.lock\" \"${PODS_ROOT}/Manifest.lock\" > /dev/null\nif [[ $? != 0 ]] ; then\n    cat << EOM\nerror: The sandbox is not in sync with the Podfile.lock. Run 'pod install' or update your CocoaPods installation.\nEOM\n    exit 1\nfi\n";
			showEnvVarsInLog = 0;
		};
/* End PBXShellScriptBuildPhase section */

/* Begin PBXSourcesBuildPhase section */
		B1159B681C59045800F16037 /* Sources */ = {
			isa = PBXSourcesBuildPhase;
			buildActionMask = 2147483647;
			files = (
				B18AC2031C7104F20090AE16 /* SettingsNavigationController.swift in Sources */,
				B12090961C6BBA3C00997E0A /* BlurBackgroundView.swift in Sources */,
				B122926B1C59236F00F0F549 /* PhoneticContacts.swift in Sources */,
				B1C852221C856AD2005549FD /* UISwitch+Extension.swift in Sources */,
				B16942721C622A7E000D5BFE /* BlurImageView.swift in Sources */,
				B1B1CB631C5E25E300AD7E73 /* ViewController+Rate.swift in Sources */,
				B1C8521A1C856AD2005549FD /* DEBUGLog.swift in Sources */,
				B16942701C6211FB000D5BFE /* AdditionalSettingsViewController.swift in Sources */,
				B1887A881C639AE900AD9BC2 /* DGElasticPullToRefreshConstants.swift in Sources */,
				B174F6571CD636EE00458FE6 /* WalkthroughViewController.swift in Sources */,
				B1FF84E61C5BC7B70036F8AA /* ViewController+Popover.swift in Sources */,
				B15CB2A51C5B3C6C002694ED /* WaveView.swift in Sources */,
				B174F65D1CD637D600458FE6 /* CWStatusBarNotificationUtils.swift in Sources */,
				B1C8521C1C856AD2005549FD /* TopMostViewController+Extension.swift in Sources */,
				B174F6511CD636EE00458FE6 /* CustomSelectedBackgroundView.swift in Sources */,
				B18AC20B1C71C0C80090AE16 /* BaseTableViewController.swift in Sources */,
				B1215B201C6506D100519F36 /* PhoneticContacts+QuickSearch.swift in Sources */,
				B19686491C5C916C006F4614 /* GradientView.swift in Sources */,
				B121B1B11C7C899B00DC0C05 /* PolyphonicTableViewCell.swift in Sources */,
				B1887A8B1C639AE900AD9BC2 /* DGElasticPullToRefreshLoadingViewCircle.swift in Sources */,
				B1C852081C8566DB005549FD /* ViewController+Initialize.swift in Sources */,
				B1159B721C59045800F16037 /* ViewController.swift in Sources */,
				B1C8521F1C856AD2005549FD /* UIColor+Extension.swift in Sources */,
				B1C852291C856C71005549FD /* UIViewController+PullToDismiss.swift in Sources */,
				B140CCF01C60FAD30078657A /* ContactsGenerator.swift in Sources */,
				B174F6641CD639CD00458FE6 /* UserDefaults+Extension.swift in Sources */,
				B1FF84E41C5BC3800036F8AA /* InfoViewController.swift in Sources */,
				B140CCF21C610E300078657A /* AlertController.swift in Sources */,
				B1887A8C1C639AE900AD9BC2 /* DGElasticPullToRefreshView.swift in Sources */,
				B1FF84E21C5BC36C0036F8AA /* SettingViewController.swift in Sources */,
				B12090951C6BBA3C00997E0A /* BlurActionSheetCell.swift in Sources */,
				B18AC20F1C721F610090AE16 /* DetectPreferredLanguage.swift in Sources */,
				B1C852211C856AD2005549FD /* UIScreen+Extension.swift in Sources */,
				B1C852241C856AD2005549FD /* UIViewController+Extension.swift in Sources */,
				B196864F1C5CEDBE006F4614 /* OtherSettingView.swift in Sources */,
				B174F65E1CD637D600458FE6 /* Toast.swift in Sources */,
				B1128A111CBA873A000258E2 /* Utils.swift in Sources */,
				B174F6521CD636EE00458FE6 /* PageViewController.swift in Sources */,
				B1C852201C856AD2005549FD /* UINavigationController+Extension.swift in Sources */,
				B174F6621CD6396200458FE6 /* UIStoryboard+Extension.swift in Sources */,
				B1128A0F1CBA177A000258E2 /* AppDelegate+3DTouch.swift in Sources */,
				B1C8521E1C856AD2005549FD /* UIButton+Extension.swift in Sources */,
				B12090941C6BBA3C00997E0A /* BlurActionSheet.swift in Sources */,
				B1A2AF4F1C8078120080A261 /* PhoneticContacts+Polyphonic.swift in Sources */,
				B18AC2011C70F8390090AE16 /* TableViewHeaderFooterViewWithButton.swift in Sources */,
				B1215B221C65144C00519F36 /* Phonetic.swift in Sources */,
				B174F6541CD636EE00458FE6 /* Walkthrough+Ex.swift in Sources */,
				B1887A891C639AE900AD9BC2 /* DGElasticPullToRefreshExtensions.swift in Sources */,
				B164CAB71C60B72C00AD7009 /* PolyphonicCharacters.swift in Sources */,
				B1C5BBEE1CA27EA9009B0A71 /* UIDevice+Extension.swift in Sources */,
				B1C852191C856AD2005549FD /* AppConfiguration.swift in Sources */,
				B1887A8A1C639AE900AD9BC2 /* DGElasticPullToRefreshLoadingView.swift in Sources */,
				B1C8521D1C856AD2005549FD /* UIApplication+Extension.swift in Sources */,
				B18AC1FD1C6E716F0090AE16 /* PhoneticContacts+Clean.swift in Sources */,
				B196865B1C5D0535006F4614 /* AppIconImageView.swift in Sources */,
				B174F6531CD636EE00458FE6 /* QuickSearchKeys.swift in Sources */,
				B178D8981CA28E74003254B9 /* UIEffectView+Ex.swift in Sources */,
				B18AC2091C71B35E0090AE16 /* HelpManualViewController.swift in Sources */,
				B174F6601CD6389800458FE6 /* UIView+Extension.swift in Sources */,
				B1159BBF1C59140400F16037 /* AppDelegate+Extension.swift in Sources */,
				B1159B701C59045800F16037 /* AppDelegate.swift in Sources */,
				B174F65C1CD637D600458FE6 /* CWStatusBarNotification.swift in Sources */,
				B16CAB7A1C5E5DE900AF3D35 /* ViewController+Execution.swift in Sources */,
				B121B1AB1C7C5C1E00DC0C05 /* PolyphonicViewController.swift in Sources */,
			);
			runOnlyForDeploymentPostprocessing = 0;
		};
		B1159B7C1C59045800F16037 /* Sources */ = {
			isa = PBXSourcesBuildPhase;
			buildActionMask = 2147483647;
			files = (
				B1159B851C59045800F16037 /* PhoneticTests.swift in Sources */,
			);
			runOnlyForDeploymentPostprocessing = 0;
		};
		B16EA4F11D3374AF000C6BDB /* Sources */ = {
			isa = PBXSourcesBuildPhase;
			buildActionMask = 2147483647;
			files = (
				B16EA5151D3374D1000C6BDB /* KaedeTextField.swift in Sources */,
				B16EA5191D3374D1000C6BDB /* YokoTextField.swift in Sources */,
				B16EA5121D3374D1000C6BDB /* HoshiTextField.swift in Sources */,
				B16EA5141D3374D1000C6BDB /* JiroTextField.swift in Sources */,
				B16EA5171D3374D1000C6BDB /* MinoruTextField.swift in Sources */,
				B16EA5111D3374D1000C6BDB /* AkiraTextField.swift in Sources */,
				B16EA51A1D3374D1000C6BDB /* YoshikoTextField.swift in Sources */,
				B16EA5161D3374D1000C6BDB /* MadokaTextField.swift in Sources */,
				B16EA5101D3374D1000C6BDB /* KDCircularProgress.swift in Sources */,
				B16EA5181D3374D1000C6BDB /* TextFieldsEffects.swift in Sources */,
				B16EA5131D3374D1000C6BDB /* IsaoTextField.swift in Sources */,
			);
			runOnlyForDeploymentPostprocessing = 0;
		};
/* End PBXSourcesBuildPhase section */

/* Begin PBXTargetDependency section */
		B1159B821C59045800F16037 /* PBXTargetDependency */ = {
			isa = PBXTargetDependency;
			target = B1159B6B1C59045800F16037 /* Phonetic */;
			targetProxy = B1159B811C59045800F16037 /* PBXContainerItemProxy */;
		};
		B16EA4FC1D3374AF000C6BDB /* PBXTargetDependency */ = {
			isa = PBXTargetDependency;
			target = B16EA4F51D3374AF000C6BDB /* Components */;
			targetProxy = B16EA4FB1D3374AF000C6BDB /* PBXContainerItemProxy */;
		};
/* End PBXTargetDependency section */

/* Begin PBXVariantGroup section */
		B1159B731C59045800F16037 /* Main.storyboard */ = {
			isa = PBXVariantGroup;
			children = (
				B1159B741C59045800F16037 /* Base */,
				B16FEB271C779F4400FEB550 /* zh-Hans */,
				B16FEB291C779F4E00FEB550 /* zh-Hant */,
			);
			name = Main.storyboard;
			sourceTree = "<group>";
		};
		B1159B781C59045800F16037 /* LaunchScreen.storyboard */ = {
			isa = PBXVariantGroup;
			children = (
				B1159B791C59045800F16037 /* Base */,
			);
			name = LaunchScreen.storyboard;
			sourceTree = "<group>";
		};
		B125B73F1D3C7A650029AC1E /* InfoPlist.strings */ = {
			isa = PBXVariantGroup;
			children = (
				B125B73E1D3C7A650029AC1E /* Base */,
				B125B7401D3C7A660029AC1E /* zh-Hans */,
				B125B7411D3C7A670029AC1E /* zh-Hant */,
			);
			name = InfoPlist.strings;
			sourceTree = "<group>";
		};
		B16FEB2F1C779F6400FEB550 /* Localizable.strings */ = {
			isa = PBXVariantGroup;
			children = (
				B16FEB301C779F6B00FEB550 /* zh-Hans */,
				B16FEB311C779F6C00FEB550 /* zh-Hant */,
				B151E34F1C841A3E0023A415 /* Base */,
			);
			name = Localizable.strings;
			sourceTree = "<group>";
		};
/* End PBXVariantGroup section */

/* Begin XCBuildConfiguration section */
		B1159B871C59045800F16037 /* Debug */ = {
			isa = XCBuildConfiguration;
			buildSettings = {
				ALWAYS_SEARCH_USER_PATHS = NO;
				CLANG_CXX_LANGUAGE_STANDARD = "gnu++0x";
				CLANG_CXX_LIBRARY = "libc++";
				CLANG_ENABLE_MODULES = YES;
				CLANG_ENABLE_OBJC_ARC = YES;
				CLANG_WARN_BOOL_CONVERSION = YES;
				CLANG_WARN_CONSTANT_CONVERSION = YES;
				CLANG_WARN_DIRECT_OBJC_ISA_USAGE = YES_ERROR;
				CLANG_WARN_EMPTY_BODY = YES;
				CLANG_WARN_ENUM_CONVERSION = YES;
				CLANG_WARN_INT_CONVERSION = YES;
				CLANG_WARN_OBJC_ROOT_CLASS = YES_ERROR;
				CLANG_WARN_UNREACHABLE_CODE = YES;
				CLANG_WARN__DUPLICATE_METHOD_MATCH = YES;
				"CODE_SIGN_IDENTITY[sdk=iphoneos*]" = "iPhone Developer";
				COPY_PHASE_STRIP = NO;
				DEBUG_INFORMATION_FORMAT = dwarf;
				ENABLE_STRICT_OBJC_MSGSEND = YES;
				ENABLE_TESTABILITY = YES;
				GCC_C_LANGUAGE_STANDARD = gnu99;
				GCC_DYNAMIC_NO_PIC = NO;
				GCC_NO_COMMON_BLOCKS = YES;
				GCC_OPTIMIZATION_LEVEL = 0;
				GCC_PREPROCESSOR_DEFINITIONS = (
					"DEBUG=1",
					"$(inherited)",
				);
				GCC_WARN_64_TO_32_BIT_CONVERSION = YES;
				GCC_WARN_ABOUT_RETURN_TYPE = YES_ERROR;
				GCC_WARN_UNDECLARED_SELECTOR = YES;
				GCC_WARN_UNINITIALIZED_AUTOS = YES_AGGRESSIVE;
				GCC_WARN_UNUSED_FUNCTION = YES;
				GCC_WARN_UNUSED_VARIABLE = YES;
				IPHONEOS_DEPLOYMENT_TARGET = 9.2;
				MTL_ENABLE_DEBUG_INFO = YES;
				ONLY_ACTIVE_ARCH = YES;
				SDKROOT = iphoneos;
				SWIFT_OPTIMIZATION_LEVEL = "-Onone";
				TARGETED_DEVICE_FAMILY = "1,2";
			};
			name = Debug;
		};
		B1159B881C59045800F16037 /* Release */ = {
			isa = XCBuildConfiguration;
			buildSettings = {
				ALWAYS_SEARCH_USER_PATHS = NO;
				CLANG_CXX_LANGUAGE_STANDARD = "gnu++0x";
				CLANG_CXX_LIBRARY = "libc++";
				CLANG_ENABLE_MODULES = YES;
				CLANG_ENABLE_OBJC_ARC = YES;
				CLANG_WARN_BOOL_CONVERSION = YES;
				CLANG_WARN_CONSTANT_CONVERSION = YES;
				CLANG_WARN_DIRECT_OBJC_ISA_USAGE = YES_ERROR;
				CLANG_WARN_EMPTY_BODY = YES;
				CLANG_WARN_ENUM_CONVERSION = YES;
				CLANG_WARN_INT_CONVERSION = YES;
				CLANG_WARN_OBJC_ROOT_CLASS = YES_ERROR;
				CLANG_WARN_UNREACHABLE_CODE = YES;
				CLANG_WARN__DUPLICATE_METHOD_MATCH = YES;
				"CODE_SIGN_IDENTITY[sdk=iphoneos*]" = "iPhone Developer";
				COPY_PHASE_STRIP = NO;
				DEBUG_INFORMATION_FORMAT = "dwarf-with-dsym";
				ENABLE_NS_ASSERTIONS = NO;
				ENABLE_STRICT_OBJC_MSGSEND = YES;
				GCC_C_LANGUAGE_STANDARD = gnu99;
				GCC_NO_COMMON_BLOCKS = YES;
				GCC_WARN_64_TO_32_BIT_CONVERSION = YES;
				GCC_WARN_ABOUT_RETURN_TYPE = YES_ERROR;
				GCC_WARN_UNDECLARED_SELECTOR = YES;
				GCC_WARN_UNINITIALIZED_AUTOS = YES_AGGRESSIVE;
				GCC_WARN_UNUSED_FUNCTION = YES;
				GCC_WARN_UNUSED_VARIABLE = YES;
				IPHONEOS_DEPLOYMENT_TARGET = 9.2;
				MTL_ENABLE_DEBUG_INFO = NO;
				SDKROOT = iphoneos;
				TARGETED_DEVICE_FAMILY = "1,2";
				VALIDATE_PRODUCT = YES;
			};
			name = Release;
		};
		B1159B8A1C59045800F16037 /* Debug */ = {
			isa = XCBuildConfiguration;
			baseConfigurationReference = A54D96AA551C0EE06AE9B3D9 /* Pods-Phonetic.debug.xcconfig */;
			buildSettings = {
				ALWAYS_EMBED_SWIFT_STANDARD_LIBRARIES = YES;
				ASSETCATALOG_COMPILER_APPICON_NAME = AppIcon;
				CODE_SIGN_IDENTITY = "iPhone Developer";
				INFOPLIST_FILE = Phonetic/Info.plist;
				IPHONEOS_DEPLOYMENT_TARGET = 9.0;
				LD_RUNPATH_SEARCH_PATHS = "$(inherited) @executable_path/Frameworks";
				OTHER_SWIFT_FLAGS = "-D DEBUG";
				PRODUCT_BUNDLE_IDENTIFIER = com.iAugus.Phonetic;
				PRODUCT_NAME = "$(TARGET_NAME)";
				SWIFT_VERSION = 3.0;
			};
			name = Debug;
		};
		B1159B8B1C59045800F16037 /* Release */ = {
			isa = XCBuildConfiguration;
			baseConfigurationReference = B36B08DEC9E323ADD48A613A /* Pods-Phonetic.release.xcconfig */;
			buildSettings = {
				ALWAYS_EMBED_SWIFT_STANDARD_LIBRARIES = YES;
				ASSETCATALOG_COMPILER_APPICON_NAME = AppIcon;
				CODE_SIGN_IDENTITY = "iPhone Developer";
				"CODE_SIGN_IDENTITY[sdk=iphoneos*]" = "iPhone Distribution";
				INFOPLIST_FILE = Phonetic/Info.plist;
				IPHONEOS_DEPLOYMENT_TARGET = 9.0;
				LD_RUNPATH_SEARCH_PATHS = "$(inherited) @executable_path/Frameworks";
				PRODUCT_BUNDLE_IDENTIFIER = com.iAugus.Phonetic;
				PRODUCT_NAME = "$(TARGET_NAME)";
				SWIFT_VERSION = 3.0;
			};
			name = Release;
		};
		B1159B8D1C59045800F16037 /* Debug */ = {
			isa = XCBuildConfiguration;
			buildSettings = {
				BUNDLE_LOADER = "$(TEST_HOST)";
				INFOPLIST_FILE = PhoneticTests/Info.plist;
				LD_RUNPATH_SEARCH_PATHS = "$(inherited) @executable_path/Frameworks @loader_path/Frameworks";
				PRODUCT_BUNDLE_IDENTIFIER = com.iAugus.PhoneticTests;
				PRODUCT_NAME = "$(TARGET_NAME)";
				SWIFT_VERSION = 3.0;
				TEST_HOST = "$(BUILT_PRODUCTS_DIR)/Phonetic.app/Phonetic";
			};
			name = Debug;
		};
		B1159B8E1C59045800F16037 /* Release */ = {
			isa = XCBuildConfiguration;
			buildSettings = {
				BUNDLE_LOADER = "$(TEST_HOST)";
				INFOPLIST_FILE = PhoneticTests/Info.plist;
				LD_RUNPATH_SEARCH_PATHS = "$(inherited) @executable_path/Frameworks @loader_path/Frameworks";
				PRODUCT_BUNDLE_IDENTIFIER = com.iAugus.PhoneticTests;
				PRODUCT_NAME = "$(TARGET_NAME)";
				SWIFT_VERSION = 3.0;
				TEST_HOST = "$(BUILT_PRODUCTS_DIR)/Phonetic.app/Phonetic";
			};
			name = Release;
		};
		B16EA4FF1D3374AF000C6BDB /* Debug */ = {
			isa = XCBuildConfiguration;
			buildSettings = {
				CLANG_ANALYZER_NONNULL = YES;
				CLANG_WARN_DOCUMENTATION_COMMENTS = YES;
				CODE_SIGN_IDENTITY = "iPhone Developer";
				CURRENT_PROJECT_VERSION = 1;
				DEFINES_MODULE = YES;
				DYLIB_COMPATIBILITY_VERSION = 1;
				DYLIB_CURRENT_VERSION = 1;
				DYLIB_INSTALL_NAME_BASE = "@rpath";
				INFOPLIST_FILE = Components/Info.plist;
				INSTALL_PATH = "$(LOCAL_LIBRARY_DIR)/Frameworks";
				IPHONEOS_DEPLOYMENT_TARGET = 9.0;
				LD_RUNPATH_SEARCH_PATHS = "$(inherited) @executable_path/Frameworks @loader_path/Frameworks";
				PRODUCT_BUNDLE_IDENTIFIER = com.iAugus.Components;
				PRODUCT_NAME = "$(TARGET_NAME)";
				SKIP_INSTALL = YES;
				SWIFT_ACTIVE_COMPILATION_CONDITIONS = DEBUG;
				SWIFT_VERSION = 3.0;
				VERSIONING_SYSTEM = "apple-generic";
				VERSION_INFO_PREFIX = "";
			};
			name = Debug;
		};
		B16EA5001D3374AF000C6BDB /* Release */ = {
			isa = XCBuildConfiguration;
			buildSettings = {
				CLANG_ANALYZER_NONNULL = YES;
				CLANG_WARN_DOCUMENTATION_COMMENTS = YES;
				CODE_SIGN_IDENTITY = "iPhone Developer";
				"CODE_SIGN_IDENTITY[sdk=iphoneos*]" = "iPhone Distribution";
				CURRENT_PROJECT_VERSION = 1;
				DEFINES_MODULE = YES;
				DYLIB_COMPATIBILITY_VERSION = 1;
				DYLIB_CURRENT_VERSION = 1;
				DYLIB_INSTALL_NAME_BASE = "@rpath";
				INFOPLIST_FILE = Components/Info.plist;
				INSTALL_PATH = "$(LOCAL_LIBRARY_DIR)/Frameworks";
				IPHONEOS_DEPLOYMENT_TARGET = 9.0;
				LD_RUNPATH_SEARCH_PATHS = "$(inherited) @executable_path/Frameworks @loader_path/Frameworks";
				PRODUCT_BUNDLE_IDENTIFIER = com.iAugus.Components;
				PRODUCT_NAME = "$(TARGET_NAME)";
				SKIP_INSTALL = YES;
				SWIFT_OPTIMIZATION_LEVEL = "-Owholemodule";
				SWIFT_VERSION = 3.0;
				VERSIONING_SYSTEM = "apple-generic";
				VERSION_INFO_PREFIX = "";
			};
			name = Release;
		};
/* End XCBuildConfiguration section */

/* Begin XCConfigurationList section */
		B1159B671C59045800F16037 /* Build configuration list for PBXProject "Phonetic" */ = {
			isa = XCConfigurationList;
			buildConfigurations = (
				B1159B871C59045800F16037 /* Debug */,
				B1159B881C59045800F16037 /* Release */,
			);
			defaultConfigurationIsVisible = 0;
			defaultConfigurationName = Release;
		};
		B1159B891C59045800F16037 /* Build configuration list for PBXNativeTarget "Phonetic" */ = {
			isa = XCConfigurationList;
			buildConfigurations = (
				B1159B8A1C59045800F16037 /* Debug */,
				B1159B8B1C59045800F16037 /* Release */,
			);
			defaultConfigurationIsVisible = 0;
			defaultConfigurationName = Release;
		};
		B1159B8C1C59045800F16037 /* Build configuration list for PBXNativeTarget "PhoneticTests" */ = {
			isa = XCConfigurationList;
			buildConfigurations = (
				B1159B8D1C59045800F16037 /* Debug */,
				B1159B8E1C59045800F16037 /* Release */,
			);
			defaultConfigurationIsVisible = 0;
			defaultConfigurationName = Release;
		};
		B16EA5011D3374AF000C6BDB /* Build configuration list for PBXNativeTarget "Components" */ = {
			isa = XCConfigurationList;
			buildConfigurations = (
				B16EA4FF1D3374AF000C6BDB /* Debug */,
				B16EA5001D3374AF000C6BDB /* Release */,
			);
			defaultConfigurationIsVisible = 0;
			defaultConfigurationName = Release;
		};
/* End XCConfigurationList section */
	};
	rootObject = B1159B641C59045800F16037 /* Project object */;
}
