// !$*UTF8*$!
{
	archiveVersion = 1;
	classes = {
	};
	objectVersion = 46;
	objects = {

/* Begin PBXBuildFile section */
		B1159B701C59045800F16037 /* AppDelegate.swift in Sources */ = {isa = PBXBuildFile; fileRef = B1159B6F1C59045800F16037 /* AppDelegate.swift */; };
		B1159B721C59045800F16037 /* ViewController.swift in Sources */ = {isa = PBXBuildFile; fileRef = B1159B711C59045800F16037 /* ViewController.swift */; };
		B1159B751C59045800F16037 /* Main.storyboard in Resources */ = {isa = PBXBuildFile; fileRef = B1159B731C59045800F16037 /* Main.storyboard */; };
		B1159B771C59045800F16037 /* Assets.xcassets in Resources */ = {isa = PBXBuildFile; fileRef = B1159B761C59045800F16037 /* Assets.xcassets */; };
		B1159B7A1C59045800F16037 /* LaunchScreen.storyboard in Resources */ = {isa = PBXBuildFile; fileRef = B1159B781C59045800F16037 /* LaunchScreen.storyboard */; };
		B1159B851C59045800F16037 /* PhoneticTests.swift in Sources */ = {isa = PBXBuildFile; fileRef = B1159B841C59045800F16037 /* PhoneticTests.swift */; };
		B1159BBF1C59140400F16037 /* AppDelegate+Extension.swift in Sources */ = {isa = PBXBuildFile; fileRef = B1159BBE1C59140400F16037 /* AppDelegate+Extension.swift */; };
		B12090941C6BBA3C00997E0A /* BlurActionSheet.swift in Sources */ = {isa = PBXBuildFile; fileRef = B12090911C6BBA3C00997E0A /* BlurActionSheet.swift */; };
		B12090951C6BBA3C00997E0A /* BlurActionSheetCell.swift in Sources */ = {isa = PBXBuildFile; fileRef = B12090921C6BBA3C00997E0A /* BlurActionSheetCell.swift */; };
		B12090961C6BBA3C00997E0A /* BlurBackgroundView.swift in Sources */ = {isa = PBXBuildFile; fileRef = B12090931C6BBA3C00997E0A /* BlurBackgroundView.swift */; };
		B1215B201C6506D100519F36 /* PhoneticContacts+QuickSearch.swift in Sources */ = {isa = PBXBuildFile; fileRef = B1215B1F1C6506D100519F36 /* PhoneticContacts+QuickSearch.swift */; };
		B1215B221C65144C00519F36 /* Phonetic.swift in Sources */ = {isa = PBXBuildFile; fileRef = B1215B211C65144C00519F36 /* Phonetic.swift */; };
		B1215B2C1C65B7CF00519F36 /* TopMostViewController+Extension.swift in Sources */ = {isa = PBXBuildFile; fileRef = B1215B261C65B7CF00519F36 /* TopMostViewController+Extension.swift */; };
		B1215B2D1C65B7CF00519F36 /* UINavigationController+Extension.swift in Sources */ = {isa = PBXBuildFile; fileRef = B1215B271C65B7CF00519F36 /* UINavigationController+Extension.swift */; };
		B1215B2E1C65B7CF00519F36 /* UIScreen+Extension.swift in Sources */ = {isa = PBXBuildFile; fileRef = B1215B281C65B7CF00519F36 /* UIScreen+Extension.swift */; };
		B1215B2F1C65B7CF00519F36 /* UIView+Extension.swift in Sources */ = {isa = PBXBuildFile; fileRef = B1215B291C65B7CF00519F36 /* UIView+Extension.swift */; };
		B1215B301C65B7CF00519F36 /* UIViewController+Extension.swift in Sources */ = {isa = PBXBuildFile; fileRef = B1215B2A1C65B7CF00519F36 /* UIViewController+Extension.swift */; };
		B1215B311C65B7CF00519F36 /* UIViewController+PullToDismiss.swift in Sources */ = {isa = PBXBuildFile; fileRef = B1215B2B1C65B7CF00519F36 /* UIViewController+PullToDismiss.swift */; };
		B1215B331C65B7EF00519F36 /* UIButton+Extension.swift in Sources */ = {isa = PBXBuildFile; fileRef = B1215B321C65B7EF00519F36 /* UIButton+Extension.swift */; };
		B122926B1C59236F00F0F549 /* PhoneticContacts.swift in Sources */ = {isa = PBXBuildFile; fileRef = B122926A1C59236F00F0F549 /* PhoneticContacts.swift */; };
		B124789E1C5F34C8006D1B62 /* Type.swift in Sources */ = {isa = PBXBuildFile; fileRef = B124789D1C5F34C8006D1B62 /* Type.swift */; };
		B12478A01C5F4D30006D1B62 /* wave.mp4 in Resources */ = {isa = PBXBuildFile; fileRef = B124789F1C5F4D30006D1B62 /* wave.mp4 */; };
		B140CCF01C60FAD30078657A /* ContactsGenerator.swift in Sources */ = {isa = PBXBuildFile; fileRef = B140CCEF1C60FAD30078657A /* ContactsGenerator.swift */; };
		B140CCF21C610E300078657A /* AlertController.swift in Sources */ = {isa = PBXBuildFile; fileRef = B140CCF11C610E300078657A /* AlertController.swift */; };
		B15CB2A51C5B3C6C002694ED /* WaveView.swift in Sources */ = {isa = PBXBuildFile; fileRef = B15CB2A41C5B3C6C002694ED /* WaveView.swift */; };
		B15CB2A91C5B3CA4002694ED /* index.html in Resources */ = {isa = PBXBuildFile; fileRef = B15CB2A71C5B3CA4002694ED /* index.html */; };
		B15CB2AA1C5B3CA4002694ED /* three.min.js in Resources */ = {isa = PBXBuildFile; fileRef = B15CB2A81C5B3CA4002694ED /* three.min.js */; };
		B164CAB71C60B72C00AD7009 /* PolyphonicCharacters.swift in Sources */ = {isa = PBXBuildFile; fileRef = B164CAB61C60B72C00AD7009 /* PolyphonicCharacters.swift */; };
		B16942701C6211FB000D5BFE /* AdditionalSettingsViewController.swift in Sources */ = {isa = PBXBuildFile; fileRef = B169426F1C6211FB000D5BFE /* AdditionalSettingsViewController.swift */; };
		B16942721C622A7E000D5BFE /* BlurImageView.swift in Sources */ = {isa = PBXBuildFile; fileRef = B16942711C622A7E000D5BFE /* BlurImageView.swift */; };
		B16CAB7A1C5E5DE900AF3D35 /* ViewController+Execution.swift in Sources */ = {isa = PBXBuildFile; fileRef = B16CAB791C5E5DE900AF3D35 /* ViewController+Execution.swift */; };
		B1878FD11C69CFDF00C3C3E3 /* AppConfiguration.swift in Sources */ = {isa = PBXBuildFile; fileRef = B1878FD01C69CFDF00C3C3E3 /* AppConfiguration.swift */; };
		B1887A881C639AE900AD9BC2 /* DGElasticPullToRefreshConstants.swift in Sources */ = {isa = PBXBuildFile; fileRef = B1887A831C639AE900AD9BC2 /* DGElasticPullToRefreshConstants.swift */; };
		B1887A891C639AE900AD9BC2 /* DGElasticPullToRefreshExtensions.swift in Sources */ = {isa = PBXBuildFile; fileRef = B1887A841C639AE900AD9BC2 /* DGElasticPullToRefreshExtensions.swift */; };
		B1887A8A1C639AE900AD9BC2 /* DGElasticPullToRefreshLoadingView.swift in Sources */ = {isa = PBXBuildFile; fileRef = B1887A851C639AE900AD9BC2 /* DGElasticPullToRefreshLoadingView.swift */; };
		B1887A8B1C639AE900AD9BC2 /* DGElasticPullToRefreshLoadingViewCircle.swift in Sources */ = {isa = PBXBuildFile; fileRef = B1887A861C639AE900AD9BC2 /* DGElasticPullToRefreshLoadingViewCircle.swift */; };
		B1887A8C1C639AE900AD9BC2 /* DGElasticPullToRefreshView.swift in Sources */ = {isa = PBXBuildFile; fileRef = B1887A871C639AE900AD9BC2 /* DGElasticPullToRefreshView.swift */; };
		B18AC1FD1C6E716F0090AE16 /* PhoneticContacts+Clean.swift in Sources */ = {isa = PBXBuildFile; fileRef = B18AC1FC1C6E716F0090AE16 /* PhoneticContacts+Clean.swift */; };
		B18AC1FF1C70AEBF0090AE16 /* UISwitch+Extension.swift in Sources */ = {isa = PBXBuildFile; fileRef = B18AC1FE1C70AEBF0090AE16 /* UISwitch+Extension.swift */; };
		B18AC2011C70F8390090AE16 /* TableViewHeaderFooterViewWithButton.swift in Sources */ = {isa = PBXBuildFile; fileRef = B18AC2001C70F8390090AE16 /* TableViewHeaderFooterViewWithButton.swift */; };
		B18AC2031C7104F20090AE16 /* BaseNavigationController.swift in Sources */ = {isa = PBXBuildFile; fileRef = B18AC2021C7104F20090AE16 /* BaseNavigationController.swift */; };
		B18AC2071C719C220090AE16 /* UIColor+Extension.swift in Sources */ = {isa = PBXBuildFile; fileRef = B18AC2061C719C220090AE16 /* UIColor+Extension.swift */; };
		B19686491C5C916C006F4614 /* GradientView.swift in Sources */ = {isa = PBXBuildFile; fileRef = B19686481C5C916C006F4614 /* GradientView.swift */; };
		B196864F1C5CEDBE006F4614 /* OtherSettingView.swift in Sources */ = {isa = PBXBuildFile; fileRef = B196864E1C5CEDBE006F4614 /* OtherSettingView.swift */; };
		B19686551C5CEE11006F4614 /* Device.swift in Sources */ = {isa = PBXBuildFile; fileRef = B19686521C5CEE11006F4614 /* Device.swift */; };
		B19686561C5CEE11006F4614 /* Size.swift in Sources */ = {isa = PBXBuildFile; fileRef = B19686531C5CEE11006F4614 /* Size.swift */; };
		B19686571C5CEE11006F4614 /* Version.swift in Sources */ = {isa = PBXBuildFile; fileRef = B19686541C5CEE11006F4614 /* Version.swift */; };
		B196865B1C5D0535006F4614 /* AppIconImageView.swift in Sources */ = {isa = PBXBuildFile; fileRef = B196865A1C5D0535006F4614 /* AppIconImageView.swift */; };
		B1B1CB611C5E0E9400AD7E73 /* KDCircularProgress.swift in Sources */ = {isa = PBXBuildFile; fileRef = B1B1CB601C5E0E9400AD7E73 /* KDCircularProgress.swift */; };
		B1B1CB631C5E25E300AD7E73 /* ViewController+Rate.swift in Sources */ = {isa = PBXBuildFile; fileRef = B1B1CB621C5E25E300AD7E73 /* ViewController+Rate.swift */; };
		B1FF84E01C5BC2590036F8AA /* BaseViewController.swift in Sources */ = {isa = PBXBuildFile; fileRef = B1FF84DF1C5BC2590036F8AA /* BaseViewController.swift */; };
		B1FF84E21C5BC36C0036F8AA /* SettingViewController.swift in Sources */ = {isa = PBXBuildFile; fileRef = B1FF84E11C5BC36C0036F8AA /* SettingViewController.swift */; };
		B1FF84E41C5BC3800036F8AA /* InfoViewController.swift in Sources */ = {isa = PBXBuildFile; fileRef = B1FF84E31C5BC3800036F8AA /* InfoViewController.swift */; };
		B1FF84E61C5BC7B70036F8AA /* ViewController+Popover.swift in Sources */ = {isa = PBXBuildFile; fileRef = B1FF84E51C5BC7B70036F8AA /* ViewController+Popover.swift */; };
/* End PBXBuildFile section */

/* Begin PBXContainerItemProxy section */
		B1159B811C59045800F16037 /* PBXContainerItemProxy */ = {
			isa = PBXContainerItemProxy;
			containerPortal = B1159B641C59045800F16037 /* Project object */;
			proxyType = 1;
			remoteGlobalIDString = B1159B6B1C59045800F16037;
			remoteInfo = Phonetic;
		};
/* End PBXContainerItemProxy section */

/* Begin PBXFileReference section */
		B1159B6C1C59045800F16037 /* Phonetic.app */ = {isa = PBXFileReference; explicitFileType = wrapper.application; includeInIndex = 0; path = Phonetic.app; sourceTree = BUILT_PRODUCTS_DIR; };
		B1159B6F1C59045800F16037 /* AppDelegate.swift */ = {isa = PBXFileReference; lastKnownFileType = sourcecode.swift; path = AppDelegate.swift; sourceTree = "<group>"; };
		B1159B711C59045800F16037 /* ViewController.swift */ = {isa = PBXFileReference; lastKnownFileType = sourcecode.swift; path = ViewController.swift; sourceTree = "<group>"; };
		B1159B741C59045800F16037 /* Base */ = {isa = PBXFileReference; lastKnownFileType = file.storyboard; name = Base; path = Base.lproj/Main.storyboard; sourceTree = "<group>"; };
		B1159B761C59045800F16037 /* Assets.xcassets */ = {isa = PBXFileReference; lastKnownFileType = folder.assetcatalog; path = Assets.xcassets; sourceTree = "<group>"; };
		B1159B791C59045800F16037 /* Base */ = {isa = PBXFileReference; lastKnownFileType = file.storyboard; name = Base; path = Base.lproj/LaunchScreen.storyboard; sourceTree = "<group>"; };
		B1159B7B1C59045800F16037 /* Info.plist */ = {isa = PBXFileReference; lastKnownFileType = text.plist.xml; path = Info.plist; sourceTree = "<group>"; };
		B1159B801C59045800F16037 /* PhoneticTests.xctest */ = {isa = PBXFileReference; explicitFileType = wrapper.cfbundle; includeInIndex = 0; path = PhoneticTests.xctest; sourceTree = BUILT_PRODUCTS_DIR; };
		B1159B841C59045800F16037 /* PhoneticTests.swift */ = {isa = PBXFileReference; lastKnownFileType = sourcecode.swift; path = PhoneticTests.swift; sourceTree = "<group>"; };
		B1159B861C59045800F16037 /* Info.plist */ = {isa = PBXFileReference; lastKnownFileType = text.plist.xml; path = Info.plist; sourceTree = "<group>"; };
		B1159BBE1C59140400F16037 /* AppDelegate+Extension.swift */ = {isa = PBXFileReference; fileEncoding = 4; lastKnownFileType = sourcecode.swift; path = "AppDelegate+Extension.swift"; sourceTree = "<group>"; };
		B12090911C6BBA3C00997E0A /* BlurActionSheet.swift */ = {isa = PBXFileReference; fileEncoding = 4; lastKnownFileType = sourcecode.swift; path = BlurActionSheet.swift; sourceTree = "<group>"; };
		B12090921C6BBA3C00997E0A /* BlurActionSheetCell.swift */ = {isa = PBXFileReference; fileEncoding = 4; lastKnownFileType = sourcecode.swift; path = BlurActionSheetCell.swift; sourceTree = "<group>"; };
		B12090931C6BBA3C00997E0A /* BlurBackgroundView.swift */ = {isa = PBXFileReference; fileEncoding = 4; lastKnownFileType = sourcecode.swift; path = BlurBackgroundView.swift; sourceTree = "<group>"; };
		B1215B1F1C6506D100519F36 /* PhoneticContacts+QuickSearch.swift */ = {isa = PBXFileReference; fileEncoding = 4; lastKnownFileType = sourcecode.swift; path = "PhoneticContacts+QuickSearch.swift"; sourceTree = "<group>"; };
		B1215B211C65144C00519F36 /* Phonetic.swift */ = {isa = PBXFileReference; fileEncoding = 4; lastKnownFileType = sourcecode.swift; path = Phonetic.swift; sourceTree = "<group>"; };
		B1215B261C65B7CF00519F36 /* TopMostViewController+Extension.swift */ = {isa = PBXFileReference; fileEncoding = 4; lastKnownFileType = sourcecode.swift; path = "TopMostViewController+Extension.swift"; sourceTree = "<group>"; };
		B1215B271C65B7CF00519F36 /* UINavigationController+Extension.swift */ = {isa = PBXFileReference; fileEncoding = 4; lastKnownFileType = sourcecode.swift; path = "UINavigationController+Extension.swift"; sourceTree = "<group>"; };
		B1215B281C65B7CF00519F36 /* UIScreen+Extension.swift */ = {isa = PBXFileReference; fileEncoding = 4; lastKnownFileType = sourcecode.swift; path = "UIScreen+Extension.swift"; sourceTree = "<group>"; };
		B1215B291C65B7CF00519F36 /* UIView+Extension.swift */ = {isa = PBXFileReference; fileEncoding = 4; lastKnownFileType = sourcecode.swift; path = "UIView+Extension.swift"; sourceTree = "<group>"; };
		B1215B2A1C65B7CF00519F36 /* UIViewController+Extension.swift */ = {isa = PBXFileReference; fileEncoding = 4; lastKnownFileType = sourcecode.swift; path = "UIViewController+Extension.swift"; sourceTree = "<group>"; };
		B1215B2B1C65B7CF00519F36 /* UIViewController+PullToDismiss.swift */ = {isa = PBXFileReference; fileEncoding = 4; lastKnownFileType = sourcecode.swift; path = "UIViewController+PullToDismiss.swift"; sourceTree = "<group>"; };
		B1215B321C65B7EF00519F36 /* UIButton+Extension.swift */ = {isa = PBXFileReference; fileEncoding = 4; lastKnownFileType = sourcecode.swift; path = "UIButton+Extension.swift"; sourceTree = "<group>"; };
		B122926A1C59236F00F0F549 /* PhoneticContacts.swift */ = {isa = PBXFileReference; fileEncoding = 4; lastKnownFileType = sourcecode.swift; path = PhoneticContacts.swift; sourceTree = "<group>"; };
		B124789D1C5F34C8006D1B62 /* Type.swift */ = {isa = PBXFileReference; fileEncoding = 4; lastKnownFileType = sourcecode.swift; path = Type.swift; sourceTree = "<group>"; };
		B124789F1C5F4D30006D1B62 /* wave.mp4 */ = {isa = PBXFileReference; lastKnownFileType = file; path = wave.mp4; sourceTree = "<group>"; };
		B140CCEF1C60FAD30078657A /* ContactsGenerator.swift */ = {isa = PBXFileReference; fileEncoding = 4; lastKnownFileType = sourcecode.swift; path = ContactsGenerator.swift; sourceTree = "<group>"; };
		B140CCF11C610E300078657A /* AlertController.swift */ = {isa = PBXFileReference; fileEncoding = 4; lastKnownFileType = sourcecode.swift; path = AlertController.swift; sourceTree = "<group>"; };
		B15CB2A41C5B3C6C002694ED /* WaveView.swift */ = {isa = PBXFileReference; fileEncoding = 4; lastKnownFileType = sourcecode.swift; path = WaveView.swift; sourceTree = "<group>"; };
		B15CB2A71C5B3CA4002694ED /* index.html */ = {isa = PBXFileReference; fileEncoding = 4; lastKnownFileType = text.html; path = index.html; sourceTree = "<group>"; };
		B15CB2A81C5B3CA4002694ED /* three.min.js */ = {isa = PBXFileReference; fileEncoding = 4; lastKnownFileType = sourcecode.javascript; path = three.min.js; sourceTree = "<group>"; };
		B164CAB61C60B72C00AD7009 /* PolyphonicCharacters.swift */ = {isa = PBXFileReference; fileEncoding = 4; lastKnownFileType = sourcecode.swift; path = PolyphonicCharacters.swift; sourceTree = "<group>"; };
		B169426F1C6211FB000D5BFE /* AdditionalSettingsViewController.swift */ = {isa = PBXFileReference; fileEncoding = 4; lastKnownFileType = sourcecode.swift; path = AdditionalSettingsViewController.swift; sourceTree = "<group>"; };
		B16942711C622A7E000D5BFE /* BlurImageView.swift */ = {isa = PBXFileReference; fileEncoding = 4; lastKnownFileType = sourcecode.swift; path = BlurImageView.swift; sourceTree = "<group>"; };
		B16CAB791C5E5DE900AF3D35 /* ViewController+Execution.swift */ = {isa = PBXFileReference; fileEncoding = 4; lastKnownFileType = sourcecode.swift; path = "ViewController+Execution.swift"; sourceTree = "<group>"; };
		B1878FD01C69CFDF00C3C3E3 /* AppConfiguration.swift */ = {isa = PBXFileReference; fileEncoding = 4; lastKnownFileType = sourcecode.swift; path = AppConfiguration.swift; sourceTree = "<group>"; };
		B1887A831C639AE900AD9BC2 /* DGElasticPullToRefreshConstants.swift */ = {isa = PBXFileReference; fileEncoding = 4; lastKnownFileType = sourcecode.swift; path = DGElasticPullToRefreshConstants.swift; sourceTree = "<group>"; };
		B1887A841C639AE900AD9BC2 /* DGElasticPullToRefreshExtensions.swift */ = {isa = PBXFileReference; fileEncoding = 4; lastKnownFileType = sourcecode.swift; path = DGElasticPullToRefreshExtensions.swift; sourceTree = "<group>"; };
		B1887A851C639AE900AD9BC2 /* DGElasticPullToRefreshLoadingView.swift */ = {isa = PBXFileReference; fileEncoding = 4; lastKnownFileType = sourcecode.swift; path = DGElasticPullToRefreshLoadingView.swift; sourceTree = "<group>"; };
		B1887A861C639AE900AD9BC2 /* DGElasticPullToRefreshLoadingViewCircle.swift */ = {isa = PBXFileReference; fileEncoding = 4; lastKnownFileType = sourcecode.swift; path = DGElasticPullToRefreshLoadingViewCircle.swift; sourceTree = "<group>"; };
		B1887A871C639AE900AD9BC2 /* DGElasticPullToRefreshView.swift */ = {isa = PBXFileReference; fileEncoding = 4; lastKnownFileType = sourcecode.swift; path = DGElasticPullToRefreshView.swift; sourceTree = "<group>"; };
		B18AC1FC1C6E716F0090AE16 /* PhoneticContacts+Clean.swift */ = {isa = PBXFileReference; fileEncoding = 4; lastKnownFileType = sourcecode.swift; path = "PhoneticContacts+Clean.swift"; sourceTree = "<group>"; };
		B18AC1FE1C70AEBF0090AE16 /* UISwitch+Extension.swift */ = {isa = PBXFileReference; fileEncoding = 4; lastKnownFileType = sourcecode.swift; path = "UISwitch+Extension.swift"; sourceTree = "<group>"; };
		B18AC2001C70F8390090AE16 /* TableViewHeaderFooterViewWithButton.swift */ = {isa = PBXFileReference; fileEncoding = 4; lastKnownFileType = sourcecode.swift; path = TableViewHeaderFooterViewWithButton.swift; sourceTree = "<group>"; };
		B18AC2021C7104F20090AE16 /* BaseNavigationController.swift */ = {isa = PBXFileReference; fileEncoding = 4; lastKnownFileType = sourcecode.swift; path = BaseNavigationController.swift; sourceTree = "<group>"; };
		B18AC2061C719C220090AE16 /* UIColor+Extension.swift */ = {isa = PBXFileReference; fileEncoding = 4; lastKnownFileType = sourcecode.swift; path = "UIColor+Extension.swift"; sourceTree = "<group>"; };
		B19686481C5C916C006F4614 /* GradientView.swift */ = {isa = PBXFileReference; fileEncoding = 4; lastKnownFileType = sourcecode.swift; path = GradientView.swift; sourceTree = "<group>"; };
		B196864E1C5CEDBE006F4614 /* OtherSettingView.swift */ = {isa = PBXFileReference; fileEncoding = 4; lastKnownFileType = sourcecode.swift; path = OtherSettingView.swift; sourceTree = "<group>"; };
		B19686521C5CEE11006F4614 /* Device.swift */ = {isa = PBXFileReference; fileEncoding = 4; lastKnownFileType = sourcecode.swift; path = Device.swift; sourceTree = "<group>"; };
		B19686531C5CEE11006F4614 /* Size.swift */ = {isa = PBXFileReference; fileEncoding = 4; lastKnownFileType = sourcecode.swift; path = Size.swift; sourceTree = "<group>"; };
		B19686541C5CEE11006F4614 /* Version.swift */ = {isa = PBXFileReference; fileEncoding = 4; lastKnownFileType = sourcecode.swift; path = Version.swift; sourceTree = "<group>"; };
		B196865A1C5D0535006F4614 /* AppIconImageView.swift */ = {isa = PBXFileReference; fileEncoding = 4; lastKnownFileType = sourcecode.swift; path = AppIconImageView.swift; sourceTree = "<group>"; };
		B1B1CB601C5E0E9400AD7E73 /* KDCircularProgress.swift */ = {isa = PBXFileReference; fileEncoding = 4; lastKnownFileType = sourcecode.swift; path = KDCircularProgress.swift; sourceTree = "<group>"; };
		B1B1CB621C5E25E300AD7E73 /* ViewController+Rate.swift */ = {isa = PBXFileReference; fileEncoding = 4; lastKnownFileType = sourcecode.swift; path = "ViewController+Rate.swift"; sourceTree = "<group>"; };
		B1FF84DF1C5BC2590036F8AA /* BaseViewController.swift */ = {isa = PBXFileReference; fileEncoding = 4; lastKnownFileType = sourcecode.swift; path = BaseViewController.swift; sourceTree = "<group>"; };
		B1FF84E11C5BC36C0036F8AA /* SettingViewController.swift */ = {isa = PBXFileReference; fileEncoding = 4; lastKnownFileType = sourcecode.swift; path = SettingViewController.swift; sourceTree = "<group>"; };
		B1FF84E31C5BC3800036F8AA /* InfoViewController.swift */ = {isa = PBXFileReference; fileEncoding = 4; lastKnownFileType = sourcecode.swift; path = InfoViewController.swift; sourceTree = "<group>"; };
		B1FF84E51C5BC7B70036F8AA /* ViewController+Popover.swift */ = {isa = PBXFileReference; fileEncoding = 4; lastKnownFileType = sourcecode.swift; path = "ViewController+Popover.swift"; sourceTree = "<group>"; };
/* End PBXFileReference section */

/* Begin PBXFrameworksBuildPhase section */
		B1159B691C59045800F16037 /* Frameworks */ = {
			isa = PBXFrameworksBuildPhase;
			buildActionMask = 2147483647;
			files = (
			);
			runOnlyForDeploymentPostprocessing = 0;
		};
		B1159B7D1C59045800F16037 /* Frameworks */ = {
			isa = PBXFrameworksBuildPhase;
			buildActionMask = 2147483647;
			files = (
			);
			runOnlyForDeploymentPostprocessing = 0;
		};
/* End PBXFrameworksBuildPhase section */

/* Begin PBXGroup section */
		B1159B631C59045800F16037 = {
			isa = PBXGroup;
			children = (
				B1159B6E1C59045800F16037 /* Phonetic */,
				B1159B831C59045800F16037 /* PhoneticTests */,
				B1159B6D1C59045800F16037 /* Products */,
			);
			sourceTree = "<group>";
		};
		B1159B6D1C59045800F16037 /* Products */ = {
			isa = PBXGroup;
			children = (
				B1159B6C1C59045800F16037 /* Phonetic.app */,
				B1159B801C59045800F16037 /* PhoneticTests.xctest */,
			);
			name = Products;
			sourceTree = "<group>";
		};
		B1159B6E1C59045800F16037 /* Phonetic */ = {
			isa = PBXGroup;
			children = (
				B1159B6F1C59045800F16037 /* AppDelegate.swift */,
				B1159BBE1C59140400F16037 /* AppDelegate+Extension.swift */,
				B12292681C59185600F0F549 /* Models */,
				B12292671C59185000F0F549 /* Views */,
				B12292661C59184000F0F549 /* Controllers */,
				B1215B251C65B7CF00519F36 /* Extensions */,
				B12292691C59187A00F0F549 /* Supporting Files */,
			);
			path = Phonetic;
			sourceTree = "<group>";
		};
		B1159B831C59045800F16037 /* PhoneticTests */ = {
			isa = PBXGroup;
			children = (
				B1159B841C59045800F16037 /* PhoneticTests.swift */,
				B1159B861C59045800F16037 /* Info.plist */,
			);
			path = PhoneticTests;
			sourceTree = "<group>";
		};
		B12090901C6BBA3C00997E0A /* BlurActionSheet */ = {
			isa = PBXGroup;
			children = (
				B12090911C6BBA3C00997E0A /* BlurActionSheet.swift */,
				B12090921C6BBA3C00997E0A /* BlurActionSheetCell.swift */,
				B12090931C6BBA3C00997E0A /* BlurBackgroundView.swift */,
			);
			path = BlurActionSheet;
			sourceTree = "<group>";
		};
		B1215B251C65B7CF00519F36 /* Extensions */ = {
			isa = PBXGroup;
			children = (
				B1878FD01C69CFDF00C3C3E3 /* AppConfiguration.swift */,
				B1215B261C65B7CF00519F36 /* TopMostViewController+Extension.swift */,
				B1215B271C65B7CF00519F36 /* UINavigationController+Extension.swift */,
				B1215B281C65B7CF00519F36 /* UIScreen+Extension.swift */,
				B18AC2061C719C220090AE16 /* UIColor+Extension.swift */,
				B1215B321C65B7EF00519F36 /* UIButton+Extension.swift */,
				B1215B291C65B7CF00519F36 /* UIView+Extension.swift */,
				B18AC1FE1C70AEBF0090AE16 /* UISwitch+Extension.swift */,
				B1215B2A1C65B7CF00519F36 /* UIViewController+Extension.swift */,
				B1215B2B1C65B7CF00519F36 /* UIViewController+PullToDismiss.swift */,
			);
			path = Extensions;
			sourceTree = "<group>";
		};
		B12292661C59184000F0F549 /* Controllers */ = {
			isa = PBXGroup;
			children = (
				B1159B711C59045800F16037 /* ViewController.swift */,
				B16CAB791C5E5DE900AF3D35 /* ViewController+Execution.swift */,
				B1FF84E51C5BC7B70036F8AA /* ViewController+Popover.swift */,
				B1B1CB621C5E25E300AD7E73 /* ViewController+Rate.swift */,
				B1FF84E11C5BC36C0036F8AA /* SettingViewController.swift */,
				B169426F1C6211FB000D5BFE /* AdditionalSettingsViewController.swift */,
				B1FF84E31C5BC3800036F8AA /* InfoViewController.swift */,
				B1FF84DF1C5BC2590036F8AA /* BaseViewController.swift */,
				B18AC2021C7104F20090AE16 /* BaseNavigationController.swift */,
				B140CCF11C610E300078657A /* AlertController.swift */,
			);
			name = Controllers;
			sourceTree = "<group>";
		};
		B12292671C59185000F0F549 /* Views */ = {
			isa = PBXGroup;
			children = (
				B16942711C622A7E000D5BFE /* BlurImageView.swift */,
				B15CB2A41C5B3C6C002694ED /* WaveView.swift */,
				B19686481C5C916C006F4614 /* GradientView.swift */,
				B196864E1C5CEDBE006F4614 /* OtherSettingView.swift */,
				B196865A1C5D0535006F4614 /* AppIconImageView.swift */,
				B18AC2001C70F8390090AE16 /* TableViewHeaderFooterViewWithButton.swift */,
			);
			name = Views;
			sourceTree = "<group>";
		};
		B12292681C59185600F0F549 /* Models */ = {
			isa = PBXGroup;
			children = (
				B164CAB61C60B72C00AD7009 /* PolyphonicCharacters.swift */,
				B1215B211C65144C00519F36 /* Phonetic.swift */,
				B122926A1C59236F00F0F549 /* PhoneticContacts.swift */,
				B1215B1F1C6506D100519F36 /* PhoneticContacts+QuickSearch.swift */,
				B18AC1FC1C6E716F0090AE16 /* PhoneticContacts+Clean.swift */,
				B140CCEF1C60FAD30078657A /* ContactsGenerator.swift */,
			);
			name = Models;
			sourceTree = "<group>";
		};
		B12292691C59187A00F0F549 /* Supporting Files */ = {
			isa = PBXGroup;
			children = (
				B19686501C5CEDFF006F4614 /* ThirdParty */,
				B15CB2A61C5B3CA4002694ED /* wave */,
				B1159B731C59045800F16037 /* Main.storyboard */,
				B1159B761C59045800F16037 /* Assets.xcassets */,
				B1159B781C59045800F16037 /* LaunchScreen.storyboard */,
				B1159B7B1C59045800F16037 /* Info.plist */,
			);
			name = "Supporting Files";
			sourceTree = "<group>";
		};
		B15CB2A61C5B3CA4002694ED /* wave */ = {
			isa = PBXGroup;
			children = (
				B124789F1C5F4D30006D1B62 /* wave.mp4 */,
				B15CB2A71C5B3CA4002694ED /* index.html */,
				B15CB2A81C5B3CA4002694ED /* three.min.js */,
			);
			path = wave;
			sourceTree = "<group>";
		};
		B1887A821C639AE900AD9BC2 /* DGElasticPullToRefresh */ = {
			isa = PBXGroup;
			children = (
				B1887A831C639AE900AD9BC2 /* DGElasticPullToRefreshConstants.swift */,
				B1887A841C639AE900AD9BC2 /* DGElasticPullToRefreshExtensions.swift */,
				B1887A851C639AE900AD9BC2 /* DGElasticPullToRefreshLoadingView.swift */,
				B1887A861C639AE900AD9BC2 /* DGElasticPullToRefreshLoadingViewCircle.swift */,
				B1887A871C639AE900AD9BC2 /* DGElasticPullToRefreshView.swift */,
			);
			path = DGElasticPullToRefresh;
			sourceTree = "<group>";
		};
		B19686501C5CEDFF006F4614 /* ThirdParty */ = {
			isa = PBXGroup;
			children = (
				B12090901C6BBA3C00997E0A /* BlurActionSheet */,
				B1887A821C639AE900AD9BC2 /* DGElasticPullToRefresh */,
				B1B1CB5F1C5E0E9400AD7E73 /* KDCircularProgress */,
				B19686511C5CEE11006F4614 /* Device */,
			);
			name = ThirdParty;
			sourceTree = "<group>";
		};
		B19686511C5CEE11006F4614 /* Device */ = {
			isa = PBXGroup;
			children = (
				B19686521C5CEE11006F4614 /* Device.swift */,
				B124789D1C5F34C8006D1B62 /* Type.swift */,
				B19686531C5CEE11006F4614 /* Size.swift */,
				B19686541C5CEE11006F4614 /* Version.swift */,
			);
			path = Device;
			sourceTree = "<group>";
		};
		B1B1CB5F1C5E0E9400AD7E73 /* KDCircularProgress */ = {
			isa = PBXGroup;
			children = (
				B1B1CB601C5E0E9400AD7E73 /* KDCircularProgress.swift */,
			);
			path = KDCircularProgress;
			sourceTree = "<group>";
		};
/* End PBXGroup section */

/* Begin PBXNativeTarget section */
		B1159B6B1C59045800F16037 /* Phonetic */ = {
			isa = PBXNativeTarget;
			buildConfigurationList = B1159B891C59045800F16037 /* Build configuration list for PBXNativeTarget "Phonetic" */;
			buildPhases = (
				B1159B681C59045800F16037 /* Sources */,
				B1159B691C59045800F16037 /* Frameworks */,
				B1159B6A1C59045800F16037 /* Resources */,
			);
			buildRules = (
			);
			dependencies = (
			);
			name = Phonetic;
			productName = Phonetic;
			productReference = B1159B6C1C59045800F16037 /* Phonetic.app */;
			productType = "com.apple.product-type.application";
		};
		B1159B7F1C59045800F16037 /* PhoneticTests */ = {
			isa = PBXNativeTarget;
			buildConfigurationList = B1159B8C1C59045800F16037 /* Build configuration list for PBXNativeTarget "PhoneticTests" */;
			buildPhases = (
				B1159B7C1C59045800F16037 /* Sources */,
				B1159B7D1C59045800F16037 /* Frameworks */,
				B1159B7E1C59045800F16037 /* Resources */,
			);
			buildRules = (
			);
			dependencies = (
				B1159B821C59045800F16037 /* PBXTargetDependency */,
			);
			name = PhoneticTests;
			productName = PhoneticTests;
			productReference = B1159B801C59045800F16037 /* PhoneticTests.xctest */;
			productType = "com.apple.product-type.bundle.unit-test";
		};
/* End PBXNativeTarget section */

/* Begin PBXProject section */
		B1159B641C59045800F16037 /* Project object */ = {
			isa = PBXProject;
			attributes = {
				LastSwiftUpdateCheck = 0720;
				LastUpgradeCheck = 0720;
				ORGANIZATIONNAME = iAugus;
				TargetAttributes = {
					B1159B6B1C59045800F16037 = {
						CreatedOnToolsVersion = 7.2;
						DevelopmentTeam = J4Z2NCTR3S;
					};
					B1159B7F1C59045800F16037 = {
						CreatedOnToolsVersion = 7.2;
						TestTargetID = B1159B6B1C59045800F16037;
					};
				};
			};
			buildConfigurationList = B1159B671C59045800F16037 /* Build configuration list for PBXProject "Phonetic" */;
			compatibilityVersion = "Xcode 3.2";
			developmentRegion = English;
			hasScannedForEncodings = 0;
			knownRegions = (
				en,
				Base,
			);
			mainGroup = B1159B631C59045800F16037;
			productRefGroup = B1159B6D1C59045800F16037 /* Products */;
			projectDirPath = "";
			projectRoot = "";
			targets = (
				B1159B6B1C59045800F16037 /* Phonetic */,
				B1159B7F1C59045800F16037 /* PhoneticTests */,
			);
		};
/* End PBXProject section */

/* Begin PBXResourcesBuildPhase section */
		B1159B6A1C59045800F16037 /* Resources */ = {
			isa = PBXResourcesBuildPhase;
			buildActionMask = 2147483647;
			files = (
				B1159B7A1C59045800F16037 /* LaunchScreen.storyboard in Resources */,
				B15CB2AA1C5B3CA4002694ED /* three.min.js in Resources */,
				B15CB2A91C5B3CA4002694ED /* index.html in Resources */,
				B1159B771C59045800F16037 /* Assets.xcassets in Resources */,
				B12478A01C5F4D30006D1B62 /* wave.mp4 in Resources */,
				B1159B751C59045800F16037 /* Main.storyboard in Resources */,
			);
			runOnlyForDeploymentPostprocessing = 0;
		};
		B1159B7E1C59045800F16037 /* Resources */ = {
			isa = PBXResourcesBuildPhase;
			buildActionMask = 2147483647;
			files = (
			);
			runOnlyForDeploymentPostprocessing = 0;
		};
/* End PBXResourcesBuildPhase section */

/* Begin PBXSourcesBuildPhase section */
		B1159B681C59045800F16037 /* Sources */ = {
			isa = PBXSourcesBuildPhase;
			buildActionMask = 2147483647;
			files = (
				B18AC2031C7104F20090AE16 /* BaseNavigationController.swift in Sources */,
				B1215B301C65B7CF00519F36 /* UIViewController+Extension.swift in Sources */,
				B12090961C6BBA3C00997E0A /* BlurBackgroundView.swift in Sources */,
				B122926B1C59236F00F0F549 /* PhoneticContacts.swift in Sources */,
				B16942721C622A7E000D5BFE /* BlurImageView.swift in Sources */,
				B1878FD11C69CFDF00C3C3E3 /* AppConfiguration.swift in Sources */,
				B1215B2D1C65B7CF00519F36 /* UINavigationController+Extension.swift in Sources */,
				B19686551C5CEE11006F4614 /* Device.swift in Sources */,
				B1B1CB631C5E25E300AD7E73 /* ViewController+Rate.swift in Sources */,
				B19686561C5CEE11006F4614 /* Size.swift in Sources */,
				B16942701C6211FB000D5BFE /* AdditionalSettingsViewController.swift in Sources */,
				B1215B311C65B7CF00519F36 /* UIViewController+PullToDismiss.swift in Sources */,
				B1887A881C639AE900AD9BC2 /* DGElasticPullToRefreshConstants.swift in Sources */,
				B1215B2F1C65B7CF00519F36 /* UIView+Extension.swift in Sources */,
				B1FF84E61C5BC7B70036F8AA /* ViewController+Popover.swift in Sources */,
				B1B1CB611C5E0E9400AD7E73 /* KDCircularProgress.swift in Sources */,
				B15CB2A51C5B3C6C002694ED /* WaveView.swift in Sources */,
				B1215B201C6506D100519F36 /* PhoneticContacts+QuickSearch.swift in Sources */,
				B19686491C5C916C006F4614 /* GradientView.swift in Sources */,
				B1887A8B1C639AE900AD9BC2 /* DGElasticPullToRefreshLoadingViewCircle.swift in Sources */,
				B1159B721C59045800F16037 /* ViewController.swift in Sources */,
				B140CCF01C60FAD30078657A /* ContactsGenerator.swift in Sources */,
				B1FF84E41C5BC3800036F8AA /* InfoViewController.swift in Sources */,
				B140CCF21C610E300078657A /* AlertController.swift in Sources */,
				B1887A8C1C639AE900AD9BC2 /* DGElasticPullToRefreshView.swift in Sources */,
				B1FF84E21C5BC36C0036F8AA /* SettingViewController.swift in Sources */,
				B12090951C6BBA3C00997E0A /* BlurActionSheetCell.swift in Sources */,
				B1215B331C65B7EF00519F36 /* UIButton+Extension.swift in Sources */,
				B18AC1FF1C70AEBF0090AE16 /* UISwitch+Extension.swift in Sources */,
				B19686571C5CEE11006F4614 /* Version.swift in Sources */,
				B196864F1C5CEDBE006F4614 /* OtherSettingView.swift in Sources */,
				B124789E1C5F34C8006D1B62 /* Type.swift in Sources */,
				B12090941C6BBA3C00997E0A /* BlurActionSheet.swift in Sources */,
				B18AC2011C70F8390090AE16 /* TableViewHeaderFooterViewWithButton.swift in Sources */,
				B18AC2071C719C220090AE16 /* UIColor+Extension.swift in Sources */,
				B1215B2E1C65B7CF00519F36 /* UIScreen+Extension.swift in Sources */,
				B1215B221C65144C00519F36 /* Phonetic.swift in Sources */,
				B1FF84E01C5BC2590036F8AA /* BaseViewController.swift in Sources */,
				B1887A891C639AE900AD9BC2 /* DGElasticPullToRefreshExtensions.swift in Sources */,
				B164CAB71C60B72C00AD7009 /* PolyphonicCharacters.swift in Sources */,
				B1887A8A1C639AE900AD9BC2 /* DGElasticPullToRefreshLoadingView.swift in Sources */,
				B18AC1FD1C6E716F0090AE16 /* PhoneticContacts+Clean.swift in Sources */,
				B196865B1C5D0535006F4614 /* AppIconImageView.swift in Sources */,
				B1159BBF1C59140400F16037 /* AppDelegate+Extension.swift in Sources */,
				B1215B2C1C65B7CF00519F36 /* TopMostViewController+Extension.swift in Sources */,
				B1159B701C59045800F16037 /* AppDelegate.swift in Sources */,
				B16CAB7A1C5E5DE900AF3D35 /* ViewController+Execution.swift in Sources */,
			);
			runOnlyForDeploymentPostprocessing = 0;
		};
		B1159B7C1C59045800F16037 /* Sources */ = {
			isa = PBXSourcesBuildPhase;
			buildActionMask = 2147483647;
			files = (
				B1159B851C59045800F16037 /* PhoneticTests.swift in Sources */,
			);
			runOnlyForDeploymentPostprocessing = 0;
		};
/* End PBXSourcesBuildPhase section */

/* Begin PBXTargetDependency section */
		B1159B821C59045800F16037 /* PBXTargetDependency */ = {
			isa = PBXTargetDependency;
			target = B1159B6B1C59045800F16037 /* Phonetic */;
			targetProxy = B1159B811C59045800F16037 /* PBXContainerItemProxy */;
		};
/* End PBXTargetDependency section */

/* Begin PBXVariantGroup section */
		B1159B731C59045800F16037 /* Main.storyboard */ = {
			isa = PBXVariantGroup;
			children = (
				B1159B741C59045800F16037 /* Base */,
			);
			name = Main.storyboard;
			sourceTree = "<group>";
		};
		B1159B781C59045800F16037 /* LaunchScreen.storyboard */ = {
			isa = PBXVariantGroup;
			children = (
				B1159B791C59045800F16037 /* Base */,
			);
			name = LaunchScreen.storyboard;
			sourceTree = "<group>";
		};
/* End PBXVariantGroup section */

/* Begin XCBuildConfiguration section */
		B1159B871C59045800F16037 /* Debug */ = {
			isa = XCBuildConfiguration;
			buildSettings = {
				ALWAYS_SEARCH_USER_PATHS = NO;
				CLANG_CXX_LANGUAGE_STANDARD = "gnu++0x";
				CLANG_CXX_LIBRARY = "libc++";
				CLANG_ENABLE_MODULES = YES;
				CLANG_ENABLE_OBJC_ARC = YES;
				CLANG_WARN_BOOL_CONVERSION = YES;
				CLANG_WARN_CONSTANT_CONVERSION = YES;
				CLANG_WARN_DIRECT_OBJC_ISA_USAGE = YES_ERROR;
				CLANG_WARN_EMPTY_BODY = YES;
				CLANG_WARN_ENUM_CONVERSION = YES;
				CLANG_WARN_INT_CONVERSION = YES;
				CLANG_WARN_OBJC_ROOT_CLASS = YES_ERROR;
				CLANG_WARN_UNREACHABLE_CODE = YES;
				CLANG_WARN__DUPLICATE_METHOD_MATCH = YES;
				"CODE_SIGN_IDENTITY[sdk=iphoneos*]" = "iPhone Developer";
				COPY_PHASE_STRIP = NO;
				DEBUG_INFORMATION_FORMAT = dwarf;
				ENABLE_STRICT_OBJC_MSGSEND = YES;
				ENABLE_TESTABILITY = YES;
				GCC_C_LANGUAGE_STANDARD = gnu99;
				GCC_DYNAMIC_NO_PIC = NO;
				GCC_NO_COMMON_BLOCKS = YES;
				GCC_OPTIMIZATION_LEVEL = 0;
				GCC_PREPROCESSOR_DEFINITIONS = (
					"DEBUG=1",
					"$(inherited)",
				);
				GCC_WARN_64_TO_32_BIT_CONVERSION = YES;
				GCC_WARN_ABOUT_RETURN_TYPE = YES_ERROR;
				GCC_WARN_UNDECLARED_SELECTOR = YES;
				GCC_WARN_UNINITIALIZED_AUTOS = YES_AGGRESSIVE;
				GCC_WARN_UNUSED_FUNCTION = YES;
				GCC_WARN_UNUSED_VARIABLE = YES;
				IPHONEOS_DEPLOYMENT_TARGET = 9.2;
				MTL_ENABLE_DEBUG_INFO = YES;
				ONLY_ACTIVE_ARCH = YES;
				SDKROOT = iphoneos;
				SWIFT_OPTIMIZATION_LEVEL = "-Onone";
				TARGETED_DEVICE_FAMILY = "1,2";
			};
			name = Debug;
		};
		B1159B881C59045800F16037 /* Release */ = {
			isa = XCBuildConfiguration;
			buildSettings = {
				ALWAYS_SEARCH_USER_PATHS = NO;
				CLANG_CXX_LANGUAGE_STANDARD = "gnu++0x";
				CLANG_CXX_LIBRARY = "libc++";
				CLANG_ENABLE_MODULES = YES;
				CLANG_ENABLE_OBJC_ARC = YES;
				CLANG_WARN_BOOL_CONVERSION = YES;
				CLANG_WARN_CONSTANT_CONVERSION = YES;
				CLANG_WARN_DIRECT_OBJC_ISA_USAGE = YES_ERROR;
				CLANG_WARN_EMPTY_BODY = YES;
				CLANG_WARN_ENUM_CONVERSION = YES;
				CLANG_WARN_INT_CONVERSION = YES;
				CLANG_WARN_OBJC_ROOT_CLASS = YES_ERROR;
				CLANG_WARN_UNREACHABLE_CODE = YES;
				CLANG_WARN__DUPLICATE_METHOD_MATCH = YES;
				"CODE_SIGN_IDENTITY[sdk=iphoneos*]" = "iPhone Developer";
				COPY_PHASE_STRIP = NO;
				DEBUG_INFORMATION_FORMAT = "dwarf-with-dsym";
				ENABLE_NS_ASSERTIONS = NO;
				ENABLE_STRICT_OBJC_MSGSEND = YES;
				GCC_C_LANGUAGE_STANDARD = gnu99;
				GCC_NO_COMMON_BLOCKS = YES;
				GCC_WARN_64_TO_32_BIT_CONVERSION = YES;
				GCC_WARN_ABOUT_RETURN_TYPE = YES_ERROR;
				GCC_WARN_UNDECLARED_SELECTOR = YES;
				GCC_WARN_UNINITIALIZED_AUTOS = YES_AGGRESSIVE;
				GCC_WARN_UNUSED_FUNCTION = YES;
				GCC_WARN_UNUSED_VARIABLE = YES;
				IPHONEOS_DEPLOYMENT_TARGET = 9.2;
				MTL_ENABLE_DEBUG_INFO = NO;
				SDKROOT = iphoneos;
				TARGETED_DEVICE_FAMILY = "1,2";
				VALIDATE_PRODUCT = YES;
			};
			name = Release;
		};
		B1159B8A1C59045800F16037 /* Debug */ = {
			isa = XCBuildConfiguration;
			buildSettings = {
				ASSETCATALOG_COMPILER_APPICON_NAME = AppIcon;
				CODE_SIGN_IDENTITY = "iPhone Developer";
				INFOPLIST_FILE = Phonetic/Info.plist;
				IPHONEOS_DEPLOYMENT_TARGET = 9.0;
				LD_RUNPATH_SEARCH_PATHS = "$(inherited) @executable_path/Frameworks";
				OTHER_SWIFT_FLAGS = "-D DEBUG";
				PRODUCT_BUNDLE_IDENTIFIER = com.iAugus.Phonetic;
				PRODUCT_NAME = "$(TARGET_NAME)";
			};
			name = Debug;
		};
		B1159B8B1C59045800F16037 /* Release */ = {
			isa = XCBuildConfiguration;
			buildSettings = {
				ASSETCATALOG_COMPILER_APPICON_NAME = AppIcon;
				CODE_SIGN_IDENTITY = "iPhone Developer";
				"CODE_SIGN_IDENTITY[sdk=iphoneos*]" = "iPhone Distribution";
				INFOPLIST_FILE = Phonetic/Info.plist;
				IPHONEOS_DEPLOYMENT_TARGET = 9.0;
				LD_RUNPATH_SEARCH_PATHS = "$(inherited) @executable_path/Frameworks";
				PRODUCT_BUNDLE_IDENTIFIER = com.iAugus.Phonetic;
				PRODUCT_NAME = "$(TARGET_NAME)";
			};
			name = Release;
		};
		B1159B8D1C59045800F16037 /* Debug */ = {
			isa = XCBuildConfiguration;
			buildSettings = {
				BUNDLE_LOADER = "$(TEST_HOST)";
				INFOPLIST_FILE = PhoneticTests/Info.plist;
				LD_RUNPATH_SEARCH_PATHS = "$(inherited) @executable_path/Frameworks @loader_path/Frameworks";
				PRODUCT_BUNDLE_IDENTIFIER = com.iAugus.PhoneticTests;
				PRODUCT_NAME = "$(TARGET_NAME)";
				TEST_HOST = "$(BUILT_PRODUCTS_DIR)/Phonetic.app/Phonetic";
			};
			name = Debug;
		};
		B1159B8E1C59045800F16037 /* Release */ = {
			isa = XCBuildConfiguration;
			buildSettings = {
				BUNDLE_LOADER = "$(TEST_HOST)";
				INFOPLIST_FILE = PhoneticTests/Info.plist;
				LD_RUNPATH_SEARCH_PATHS = "$(inherited) @executable_path/Frameworks @loader_path/Frameworks";
				PRODUCT_BUNDLE_IDENTIFIER = com.iAugus.PhoneticTests;
				PRODUCT_NAME = "$(TARGET_NAME)";
				TEST_HOST = "$(BUILT_PRODUCTS_DIR)/Phonetic.app/Phonetic";
			};
			name = Release;
		};
/* End XCBuildConfiguration section */

/* Begin XCConfigurationList section */
		B1159B671C59045800F16037 /* Build configuration list for PBXProject "Phonetic" */ = {
			isa = XCConfigurationList;
			buildConfigurations = (
				B1159B871C59045800F16037 /* Debug */,
				B1159B881C59045800F16037 /* Release */,
			);
			defaultConfigurationIsVisible = 0;
			defaultConfigurationName = Release;
		};
		B1159B891C59045800F16037 /* Build configuration list for PBXNativeTarget "Phonetic" */ = {
			isa = XCConfigurationList;
			buildConfigurations = (
				B1159B8A1C59045800F16037 /* Debug */,
				B1159B8B1C59045800F16037 /* Release */,
			);
			defaultConfigurationIsVisible = 0;
			defaultConfigurationName = Release;
		};
		B1159B8C1C59045800F16037 /* Build configuration list for PBXNativeTarget "PhoneticTests" */ = {
			isa = XCConfigurationList;
			buildConfigurations = (
				B1159B8D1C59045800F16037 /* Debug */,
				B1159B8E1C59045800F16037 /* Release */,
			);
			defaultConfigurationIsVisible = 0;
			defaultConfigurationName = Release;
		};
/* End XCConfigurationList section */
	};
	rootObject = B1159B641C59045800F16037 /* Project object */;
}
